// !$*UTF8*$!
{
	archiveVersion = 1;
	classes = {
	};
	objectVersion = 56;
	objects = {

/* Begin PBXBuildFile section */
		000000000000000000000014 /* WonderApp.swift in Sources */ = {isa = PBXBuildFile; fileRef = 00000000000000000000000A /* WonderApp.swift */; };
		000000000000000000000015 /* Identity.swift in Sources */ = {isa = PBXBuildFile; fileRef = 00000000000000000000000B /* Identity.swift */; };
		000000000000000000000016 /* ConnectionModel.swift in Sources */ = {isa = PBXBuildFile; fileRef = 00000000000000000000000C /* ConnectionModel.swift */; };
		000000000000000000000017 /* NativeChats.swift in Sources */ = {isa = PBXBuildFile; fileRef = 00000000000000000000000D /* NativeChats.swift */; };
		000000000000000000000018 /* Assets.xcassets in Resources */ = {isa = PBXBuildFile; fileRef = 00000000000000000000000E /* Assets.xcassets */; };
		000000000000000000000023 /* WonderPairing in Frameworks */ = {isa = PBXBuildFile; productRef = 000000000000000000000022 /* WonderPairing */; };
		000000000000000000000025 /* WonderComputerView in Frameworks */ = {isa = PBXBuildFile; productRef = 000000000000000000000024 /* WonderComputerView */; };
		19676721D0C33BD9EDCB60A9 /* DiagnosticScenarios.swift in Sources */ = {isa = PBXBuildFile; fileRef = F5AA3A14AB81C67C8DDCB7B6 /* DiagnosticScenarios.swift */; };
		221AE19300F904CA9DEB5CED /* PushPreview.swift in Sources */ = {isa = PBXBuildFile; fileRef = 909B485EDED5FBC663A6C8A5 /* PushPreview.swift */; };
		26887CC3693F840C83461F90 /* PushPreview.swift in Sources */ = {isa = PBXBuildFile; fileRef = 909B485EDED5FBC663A6C8A5 /* PushPreview.swift */; };
		5099615A08B198A187DA2B1B /* Foundation.framework in Frameworks */ = {isa = PBXBuildFile; fileRef = 4E2F05DCDF1EF93891E66147 /* Foundation.framework */; };
		680B8838AFFE7FC98AE82FCF /* Foundation.framework in Frameworks */ = {isa = PBXBuildFile; fileRef = 4E2F05DCDF1EF93891E66147 /* Foundation.framework */; };
		683458BA65F7CAD5A0B9BC32 /* ShareViewController.swift in Sources */ = {isa = PBXBuildFile; fileRef = 49B30AA7F72EB16CF2018A69 /* ShareViewController.swift */; };
		8965B6DD8CEBFECA966B332D /* WonderShare.appex in Embed App Extensions */ = {isa = PBXBuildFile; fileRef = BC9D631263C10B783E48F521 /* WonderShare.appex */; settings = {ATTRIBUTES = (RemoveHeadersOnCopy, ); }; };
		8B0ABAD4AE4743603CEBE1B6 /* PhoneIdentity.swift in Sources */ = {isa = PBXBuildFile; fileRef = 346332EBDE310F6CD014B601 /* PhoneIdentity.swift */; };
		957A868C40FEB21B3429D722 /* Diagnostics.swift in Sources */ = {isa = PBXBuildFile; fileRef = 3F57D5EB13865B3F87CCC662 /* Diagnostics.swift */; };
		9704A6C8BA26214D46834682 /* WonderDiagnosticsTests.swift in Sources */ = {isa = PBXBuildFile; fileRef = 47E82AB093AAA04EBEBABC57 /* WonderDiagnosticsTests.swift */; };
		97EB3739BD8610E06A7E97BC /* WonderPairing in Frameworks */ = {isa = PBXBuildFile; productRef = 90E35E164141A24FE33D9F29 /* WonderPairing */; };
		A10000000000000000000002 /* ManagementViews.swift in Sources */ = {isa = PBXBuildFile; fileRef = A10000000000000000000001 /* ManagementViews.swift */; };
		A10000000000000000000004 /* MacFileAccess.swift in Sources */ = {isa = PBXBuildFile; fileRef = A10000000000000000000003 /* MacFileAccess.swift */; };
		A10000000000000000000008 /* DictationViews.swift in Sources */ = {isa = PBXBuildFile; fileRef = A10000000000000000000007 /* DictationViews.swift */; };
		A10000000000000000000012 /* GroupCollaborationViews.swift in Sources */ = {isa = PBXBuildFile; fileRef = A10000000000000000000011 /* GroupCollaborationViews.swift */; };
		A10000000000000000000014 /* CameraCapture.swift in Sources */ = {isa = PBXBuildFile; fileRef = A10000000000000000000013 /* CameraCapture.swift */; };
		A10000000000000000000015 /* ScienceAvatar.swift in Sources */ = {isa = PBXBuildFile; fileRef = A10000000000000000000016 /* ScienceAvatar.swift */; };
		A100000000000000000F0001 /* WonderTheme.swift in Sources */ = {isa = PBXBuildFile; fileRef = A100000000000000000F0002 /* WonderTheme.swift */; };
		A100000000000000000F0003 /* CodeBlockView.swift in Sources */ = {isa = PBXBuildFile; fileRef = A100000000000000000F0004 /* CodeBlockView.swift */; };
		A100000000000000000F0005 /* TextFileViewers.swift in Sources */ = {isa = PBXBuildFile; fileRef = A100000000000000000F0006 /* TextFileViewers.swift */; };
		A10000000000000000000017 /* ComputerSessionView.swift in Sources */ = {isa = PBXBuildFile; fileRef = A10000000000000000000018 /* ComputerSessionView.swift */; };
		A1000000000000000000001A /* WebRTC-LICENSE.md in Resources */ = {isa = PBXBuildFile; fileRef = A10000000000000000000019 /* WebRTC-LICENSE.md */; };
		A10000000000000000000091 /* ScienceAvatarGeometry.swift in Sources */ = {isa = PBXBuildFile; fileRef = A10000000000000000000092 /* ScienceAvatarGeometry.swift */; };
		A10000000000000000000093 /* ComputerInput.swift in Sources */ = {isa = PBXBuildFile; fileRef = A10000000000000000000094 /* ComputerInput.swift */; };
		A535011EC173486375ACC652 /* NotificationService.swift in Sources */ = {isa = PBXBuildFile; fileRef = 35514834A232D7BF80D47544 /* NotificationService.swift */; };
		B20000000000000000000002 /* AppShell.swift in Sources */ = {isa = PBXBuildFile; fileRef = B20000000000000000000001 /* AppShell.swift */; };
		B20000000000000000000004 /* NewChatView.swift in Sources */ = {isa = PBXBuildFile; fileRef = B20000000000000000000003 /* NewChatView.swift */; };
		B20000000000000000000006 /* ProjectViews.swift in Sources */ = {isa = PBXBuildFile; fileRef = B20000000000000000000005 /* ProjectViews.swift */; };
		B20000000000000000000008 /* ProjectsModel.swift in Sources */ = {isa = PBXBuildFile; fileRef = B20000000000000000000007 /* ProjectsModel.swift */; };
		BA9F00000000000000000001 /* SubagentDock.swift in Sources */ = {isa = PBXBuildFile; fileRef = BA9F00000000000000000002 /* SubagentDock.swift */; };
		BA9F00000000000000000003 /* PushNotifications.swift in Sources */ = {isa = PBXBuildFile; fileRef = BA9F00000000000000000004 /* PushNotifications.swift */; };
		BA9F00000000000000000005 /* ComposerApprovalSettings.swift in Sources */ = {isa = PBXBuildFile; fileRef = BA9F00000000000000000006 /* ComposerApprovalSettings.swift */; };
		C30000000000000000000001 /* AutomationsView.swift in Sources */ = {isa = PBXBuildFile; fileRef = C30000000000000000000002 /* AutomationsView.swift */; };
		C30000000000000000000003 /* AutomationUITests.swift in Sources */ = {isa = PBXBuildFile; fileRef = C30000000000000000000004 /* AutomationUITests.swift */; };
		F30000000000000000000001 /* WorkspaceArchivePreflight.swift in Sources */ = {isa = PBXBuildFile; fileRef = F30000000000000000000011 /* WorkspaceArchivePreflight.swift */; };
		F30000000000000000000002 /* WorkspaceModelPreview.swift in Sources */ = {isa = PBXBuildFile; fileRef = F30000000000000000000012 /* WorkspaceModelPreview.swift */; };
		F30000000000000000000003 /* WorkspacePublicationPreview.swift in Sources */ = {isa = PBXBuildFile; fileRef = F30000000000000000000013 /* WorkspacePublicationPreview.swift */; };
		F30000000000000000000004 /* ReadiumShared in Frameworks */ = {isa = PBXBuildFile; productRef = F30000000000000000000021 /* ReadiumShared */; };
		F30000000000000000000005 /* ReadiumStreamer in Frameworks */ = {isa = PBXBuildFile; productRef = F30000000000000000000022 /* ReadiumStreamer */; };
		F30000000000000000000006 /* ReadiumNavigator in Frameworks */ = {isa = PBXBuildFile; productRef = F30000000000000000000023 /* ReadiumNavigator */; };
		F30000000000000000000007 /* ReadiumZIPFoundation in Frameworks */ = {isa = PBXBuildFile; productRef = F30000000000000000000024 /* ReadiumZIPFoundation */; };
		F30000000000000000000008 /* EPUB-LICENSES.md in Resources */ = {isa = PBXBuildFile; fileRef = F30000000000000000000014 /* EPUB-LICENSES.md */; };
		F30000000000000000000009 /* WorkspacePreviewUITests.swift in Sources */ = {isa = PBXBuildFile; fileRef = F30000000000000000000015 /* WorkspacePreviewUITests.swift */; };
		F3000000000000000000000A /* WorkspacePreviewPolicyTests.swift in Sources */ = {isa = PBXBuildFile; fileRef = F30000000000000000000016 /* WorkspacePreviewPolicyTests.swift */; };
		D10000000000000000000001 /* DeepLinkUITests.swift in Sources */ = {isa = PBXBuildFile; fileRef = D10000000000000000000002 /* DeepLinkUITests.swift */; };
		E10000000000000000000001 /* ProjectWidgetSnapshot.swift in Wonder Sources */ = {isa = PBXBuildFile; fileRef = E10000000000000000000008 /* ProjectWidgetSnapshot.swift */; };
		E10000000000000000000002 /* ProjectWidgetSnapshot.swift in Widget Sources */ = {isa = PBXBuildFile; fileRef = E10000000000000000000008 /* ProjectWidgetSnapshot.swift */; };
		E10000000000000000000003 /* WonderProjectWidget.swift in Sources */ = {isa = PBXBuildFile; fileRef = E10000000000000000000009 /* WonderProjectWidget.swift */; };
		E10000000000000000000004 /* ProjectWidgetSnapshotPublisher.swift in Sources */ = {isa = PBXBuildFile; fileRef = E1000000000000000000000A /* ProjectWidgetSnapshotPublisher.swift */; };
		E10000000000000000000005 /* ProjectWidgetSnapshotTests.swift in Sources */ = {isa = PBXBuildFile; fileRef = E1000000000000000000000B /* ProjectWidgetSnapshotTests.swift */; };
		E10000000000000000000006 /* WonderWidget.appex in Embed App Extensions */ = {isa = PBXBuildFile; fileRef = E1000000000000000000000C /* WonderWidget.appex */; settings = {ATTRIBUTES = (RemoveHeadersOnCopy, ); }; };
		BFCD92EE5E10E7535685F137 /* WonderUITests.swift in Sources */ = {isa = PBXBuildFile; fileRef = 6140834B9A9F3D15FF06833A /* WonderUITests.swift */; };
		C811A5ED247214E881943599 /* Foundation.framework in Frameworks */ = {isa = PBXBuildFile; fileRef = 4E2F05DCDF1EF93891E66147 /* Foundation.framework */; };
		C892AA779665CB03113835C1 /* PhoneIdentity.swift in Sources */ = {isa = PBXBuildFile; fileRef = 346332EBDE310F6CD014B601 /* PhoneIdentity.swift */; };
		E0A5EF4DFCCBEF6F54DBD6B7 /* WonderNotificationService.appex in Embed App Extensions */ = {isa = PBXBuildFile; fileRef = BFA70C66124A72503DDC9554 /* WonderNotificationService.appex */; settings = {ATTRIBUTES = (RemoveHeadersOnCopy, ); }; };
/* End PBXBuildFile section */

/* Begin PBXContainerItemProxy section */
		694FABCAC269D7E991465CA3 /* PBXContainerItemProxy */ = {
			isa = PBXContainerItemProxy;
			containerPortal = 000000000000000000000001 /* Project object */;
			proxyType = 1;
			remoteGlobalIDString = 000000000000000000000006;
			remoteInfo = Wonder;
		};
		9D20F23E49E47E1D56751C78 /* PBXContainerItemProxy */ = {
			isa = PBXContainerItemProxy;
			containerPortal = 000000000000000000000001 /* Project object */;
			proxyType = 1;
			remoteGlobalIDString = A67491E68CB3DB9929A9EBEE;
			remoteInfo = WonderNotificationService;
		};
		F034F0AC1342DB51C656F881 /* PBXContainerItemProxy */ = {
			isa = PBXContainerItemProxy;
			containerPortal = 000000000000000000000001 /* Project object */;
			proxyType = 1;
			remoteGlobalIDString = 6BB589EAEEA42379EF5BCA0C;
			remoteInfo = WonderShare;
		};
		FEEAD6978303FCD94DEC7F30 /* PBXContainerItemProxy */ = {
			isa = PBXContainerItemProxy;
			containerPortal = 000000000000000000000001 /* Project object */;
			proxyType = 1;
			remoteGlobalIDString = 000000000000000000000006;
			remoteInfo = Wonder;
		};
		E1000000000000000000000D /* PBXContainerItemProxy */ = {
			isa = PBXContainerItemProxy;
			containerPortal = 000000000000000000000001 /* Project object */;
			proxyType = 1;
			remoteGlobalIDString = E10000000000000000000012;
			remoteInfo = WonderWidget;
		};
/* End PBXContainerItemProxy section */

/* Begin PBXCopyFilesBuildPhase section */
		7176E2C72C9E2368ED91F62D /* Embed App Extensions */ = {
			isa = PBXCopyFilesBuildPhase;
			buildActionMask = 2147483647;
			dstPath = "";
			dstSubfolderSpec = 13;
			files = (
				E0A5EF4DFCCBEF6F54DBD6B7 /* WonderNotificationService.appex in Embed App Extensions */,
				8965B6DD8CEBFECA966B332D /* WonderShare.appex in Embed App Extensions */,
				E10000000000000000000006 /* WonderWidget.appex in Embed App Extensions */,
			);
			name = "Embed App Extensions";
			runOnlyForDeploymentPostprocessing = 0;
		};
/* End PBXCopyFilesBuildPhase section */

/* Begin PBXFileReference section */
		000000000000000000000005 /* Wonder.app */ = {isa = PBXFileReference; explicitFileType = wrapper.application; path = Wonder.app; sourceTree = BUILT_PRODUCTS_DIR; };
		00000000000000000000000A /* WonderApp.swift */ = {isa = PBXFileReference; lastKnownFileType = sourcecode.swift; path = WonderApp.swift; sourceTree = "<group>"; };
		00000000000000000000000B /* Identity.swift */ = {isa = PBXFileReference; lastKnownFileType = sourcecode.swift; path = Identity.swift; sourceTree = "<group>"; };
		00000000000000000000000C /* ConnectionModel.swift */ = {isa = PBXFileReference; lastKnownFileType = sourcecode.swift; path = ConnectionModel.swift; sourceTree = "<group>"; };
		00000000000000000000000D /* NativeChats.swift */ = {isa = PBXFileReference; lastKnownFileType = sourcecode.swift; path = NativeChats.swift; sourceTree = "<group>"; };
		00000000000000000000000E /* Assets.xcassets */ = {isa = PBXFileReference; lastKnownFileType = folder.assetcatalog; path = Assets.xcassets; sourceTree = "<group>"; };
		26AE55576767892982C94B4E /* WonderNotificationService.entitlements */ = {isa = PBXFileReference; includeInIndex = 1; lastKnownFileType = text.plist.entitlements; path = WonderNotificationService.entitlements; sourceTree = "<group>"; };
		346332EBDE310F6CD014B601 /* PhoneIdentity.swift */ = {isa = PBXFileReference; includeInIndex = 1; lastKnownFileType = sourcecode.swift; path = PhoneIdentity.swift; sourceTree = "<group>"; };
		35514834A232D7BF80D47544 /* NotificationService.swift */ = {isa = PBXFileReference; includeInIndex = 1; lastKnownFileType = sourcecode.swift; path = NotificationService.swift; sourceTree = "<group>"; };
		3F57D5EB13865B3F87CCC662 /* Diagnostics.swift */ = {isa = PBXFileReference; includeInIndex = 1; lastKnownFileType = sourcecode.swift; path = Diagnostics.swift; sourceTree = "<group>"; };
		47E82AB093AAA04EBEBABC57 /* WonderDiagnosticsTests.swift */ = {isa = PBXFileReference; includeInIndex = 1; lastKnownFileType = sourcecode.swift; path = WonderDiagnosticsTests.swift; sourceTree = "<group>"; };
		49B30AA7F72EB16CF2018A69 /* ShareViewController.swift */ = {isa = PBXFileReference; includeInIndex = 1; lastKnownFileType = sourcecode.swift; path = ShareViewController.swift; sourceTree = "<group>"; };
		4E2F05DCDF1EF93891E66147 /* Foundation.framework */ = {isa = PBXFileReference; lastKnownFileType = wrapper.framework; name = Foundation.framework; path = Platforms/iPhoneOS.platform/Developer/SDKs/iPhoneOS26.0.sdk/System/Library/Frameworks/Foundation.framework; sourceTree = DEVELOPER_DIR; };
		6140834B9A9F3D15FF06833A /* WonderUITests.swift */ = {isa = PBXFileReference; includeInIndex = 1; lastKnownFileType = sourcecode.swift; path = WonderUITests.swift; sourceTree = "<group>"; };
		65E3D1A1343ACC28CEB0C089 /* Info.plist */ = {isa = PBXFileReference; includeInIndex = 1; lastKnownFileType = text.plist.xml; path = Info.plist; sourceTree = "<group>"; };
		8FF492D188DF8F08262C744B /* WonderDiagnosticsTests.xctest */ = {isa = PBXFileReference; explicitFileType = wrapper.cfbundle; includeInIndex = 0; path = WonderDiagnosticsTests.xctest; sourceTree = BUILT_PRODUCTS_DIR; };
		909B485EDED5FBC663A6C8A5 /* PushPreview.swift */ = {isa = PBXFileReference; includeInIndex = 1; lastKnownFileType = sourcecode.swift; path = PushPreview.swift; sourceTree = "<group>"; };
		A0A97AAF060C3698CD66A9EF /* Info.plist */ = {isa = PBXFileReference; includeInIndex = 1; lastKnownFileType = text.plist.xml; path = Info.plist; sourceTree = "<group>"; };
		A10000000000000000000001 /* ManagementViews.swift */ = {isa = PBXFileReference; lastKnownFileType = sourcecode.swift; path = ManagementViews.swift; sourceTree = "<group>"; };
		A10000000000000000000003 /* MacFileAccess.swift */ = {isa = PBXFileReference; lastKnownFileType = sourcecode.swift; path = MacFileAccess.swift; sourceTree = "<group>"; };
		A10000000000000000000007 /* DictationViews.swift */ = {isa = PBXFileReference; lastKnownFileType = sourcecode.swift; path = DictationViews.swift; sourceTree = "<group>"; };
		A10000000000000000000011 /* GroupCollaborationViews.swift */ = {isa = PBXFileReference; lastKnownFileType = sourcecode.swift; path = GroupCollaborationViews.swift; sourceTree = "<group>"; };
		A10000000000000000000013 /* CameraCapture.swift */ = {isa = PBXFileReference; lastKnownFileType = sourcecode.swift; path = CameraCapture.swift; sourceTree = "<group>"; };
		A10000000000000000000016 /* ScienceAvatar.swift */ = {isa = PBXFileReference; lastKnownFileType = sourcecode.swift; path = ScienceAvatar.swift; sourceTree = "<group>"; };
		A100000000000000000F0002 /* WonderTheme.swift */ = {isa = PBXFileReference; lastKnownFileType = sourcecode.swift; path = WonderTheme.swift; sourceTree = "<group>"; };
		A100000000000000000F0004 /* CodeBlockView.swift */ = {isa = PBXFileReference; lastKnownFileType = sourcecode.swift; path = CodeBlockView.swift; sourceTree = "<group>"; };
		A100000000000000000F0006 /* TextFileViewers.swift */ = {isa = PBXFileReference; lastKnownFileType = sourcecode.swift; path = TextFileViewers.swift; sourceTree = "<group>"; };
		A10000000000000000000018 /* ComputerSessionView.swift */ = {isa = PBXFileReference; lastKnownFileType = sourcecode.swift; path = ComputerSessionView.swift; sourceTree = "<group>"; };
		A10000000000000000000019 /* WebRTC-LICENSE.md */ = {isa = PBXFileReference; lastKnownFileType = text; path = "WebRTC-LICENSE.md"; sourceTree = "<group>"; };
		A10000000000000000000092 /* ScienceAvatarGeometry.swift */ = {isa = PBXFileReference; lastKnownFileType = sourcecode.swift; path = ScienceAvatarGeometry.swift; sourceTree = "<group>"; };
		A10000000000000000000094 /* ComputerInput.swift */ = {isa = PBXFileReference; lastKnownFileType = sourcecode.swift; path = ComputerInput.swift; sourceTree = "<group>"; };
		A553489F83673E66720A931F /* WonderUITests.xctest */ = {isa = PBXFileReference; explicitFileType = wrapper.cfbundle; includeInIndex = 0; path = WonderUITests.xctest; sourceTree = BUILT_PRODUCTS_DIR; };
		AC2C84E21DC79219A2F40F8C /* WonderShare.entitlements */ = {isa = PBXFileReference; includeInIndex = 1; lastKnownFileType = text.plist.entitlements; path = WonderShare.entitlements; sourceTree = "<group>"; };
		B20000000000000000000001 /* AppShell.swift */ = {isa = PBXFileReference; lastKnownFileType = sourcecode.swift; path = AppShell.swift; sourceTree = "<group>"; };
		B20000000000000000000003 /* NewChatView.swift */ = {isa = PBXFileReference; lastKnownFileType = sourcecode.swift; path = NewChatView.swift; sourceTree = "<group>"; };
		B20000000000000000000005 /* ProjectViews.swift */ = {isa = PBXFileReference; lastKnownFileType = sourcecode.swift; path = ProjectViews.swift; sourceTree = "<group>"; };
		B20000000000000000000007 /* ProjectsModel.swift */ = {isa = PBXFileReference; lastKnownFileType = sourcecode.swift; path = ProjectsModel.swift; sourceTree = "<group>"; };
		BA9F00000000000000000002 /* SubagentDock.swift */ = {isa = PBXFileReference; lastKnownFileType = sourcecode.swift; path = SubagentDock.swift; sourceTree = "<group>"; };
		BA9F00000000000000000004 /* PushNotifications.swift */ = {isa = PBXFileReference; lastKnownFileType = sourcecode.swift; path = PushNotifications.swift; sourceTree = "<group>"; };
		BA9F00000000000000000006 /* ComposerApprovalSettings.swift */ = {isa = PBXFileReference; lastKnownFileType = sourcecode.swift; path = ComposerApprovalSettings.swift; sourceTree = "<group>"; };
		C30000000000000000000002 /* AutomationsView.swift */ = {isa = PBXFileReference; lastKnownFileType = sourcecode.swift; path = AutomationsView.swift; sourceTree = "<group>"; };
		C30000000000000000000004 /* AutomationUITests.swift */ = {isa = PBXFileReference; lastKnownFileType = sourcecode.swift; path = AutomationUITests.swift; sourceTree = "<group>"; };
		F30000000000000000000011 /* WorkspaceArchivePreflight.swift */ = {isa = PBXFileReference; lastKnownFileType = sourcecode.swift; path = WorkspaceArchivePreflight.swift; sourceTree = "<group>"; };
		F30000000000000000000012 /* WorkspaceModelPreview.swift */ = {isa = PBXFileReference; lastKnownFileType = sourcecode.swift; path = WorkspaceModelPreview.swift; sourceTree = "<group>"; };
		F30000000000000000000013 /* WorkspacePublicationPreview.swift */ = {isa = PBXFileReference; lastKnownFileType = sourcecode.swift; path = WorkspacePublicationPreview.swift; sourceTree = "<group>"; };
		F30000000000000000000014 /* EPUB-LICENSES.md */ = {isa = PBXFileReference; lastKnownFileType = text; path = "EPUB-LICENSES.md"; sourceTree = "<group>"; };
		F30000000000000000000015 /* WorkspacePreviewUITests.swift */ = {isa = PBXFileReference; lastKnownFileType = sourcecode.swift; path = WorkspacePreviewUITests.swift; sourceTree = "<group>"; };
		F30000000000000000000016 /* WorkspacePreviewPolicyTests.swift */ = {isa = PBXFileReference; lastKnownFileType = sourcecode.swift; path = WorkspacePreviewPolicyTests.swift; sourceTree = "<group>"; };
		D10000000000000000000002 /* DeepLinkUITests.swift */ = {isa = PBXFileReference; lastKnownFileType = sourcecode.swift; path = DeepLinkUITests.swift; sourceTree = "<group>"; };
		E10000000000000000000008 /* ProjectWidgetSnapshot.swift */ = {isa = PBXFileReference; lastKnownFileType = sourcecode.swift; path = ProjectWidgetSnapshot.swift; sourceTree = "<group>"; };
		E10000000000000000000009 /* WonderProjectWidget.swift */ = {isa = PBXFileReference; lastKnownFileType = sourcecode.swift; path = WonderProjectWidget.swift; sourceTree = "<group>"; };
		E1000000000000000000000A /* ProjectWidgetSnapshotPublisher.swift */ = {isa = PBXFileReference; lastKnownFileType = sourcecode.swift; path = ProjectWidgetSnapshotPublisher.swift; sourceTree = "<group>"; };
		E1000000000000000000000B /* ProjectWidgetSnapshotTests.swift */ = {isa = PBXFileReference; lastKnownFileType = sourcecode.swift; path = ProjectWidgetSnapshotTests.swift; sourceTree = "<group>"; };
		E1000000000000000000000C /* WonderWidget.appex */ = {isa = PBXFileReference; explicitFileType = "wrapper.app-extension"; includeInIndex = 0; path = WonderWidget.appex; sourceTree = BUILT_PRODUCTS_DIR; };
		E1000000000000000000000E /* Info.plist */ = {isa = PBXFileReference; lastKnownFileType = text.plist.xml; path = Info.plist; sourceTree = "<group>"; };
		E1000000000000000000000F /* WonderWidget.entitlements */ = {isa = PBXFileReference; lastKnownFileType = text.plist.entitlements; path = WonderWidget.entitlements; sourceTree = "<group>"; };
		BC9D631263C10B783E48F521 /* WonderShare.appex */ = {isa = PBXFileReference; explicitFileType = "wrapper.app-extension"; includeInIndex = 0; path = WonderShare.appex; sourceTree = BUILT_PRODUCTS_DIR; };
		BFA70C66124A72503DDC9554 /* WonderNotificationService.appex */ = {isa = PBXFileReference; explicitFileType = "wrapper.app-extension"; includeInIndex = 0; path = WonderNotificationService.appex; sourceTree = BUILT_PRODUCTS_DIR; };
		F5AA3A14AB81C67C8DDCB7B6 /* DiagnosticScenarios.swift */ = {isa = PBXFileReference; includeInIndex = 1; lastKnownFileType = sourcecode.swift; path = DiagnosticScenarios.swift; sourceTree = "<group>"; };
/* End PBXFileReference section */

/* Begin PBXFrameworksBuildPhase section */
		00000000000000000000001F /* Frameworks */ = {
			isa = PBXFrameworksBuildPhase;
			buildActionMask = 2147483647;
			files = (
				000000000000000000000023 /* WonderPairing in Frameworks */,
				000000000000000000000025 /* WonderComputerView in Frameworks */,
				F30000000000000000000004 /* ReadiumShared in Frameworks */,
				F30000000000000000000005 /* ReadiumStreamer in Frameworks */,
				F30000000000000000000006 /* ReadiumNavigator in Frameworks */,
				F30000000000000000000007 /* ReadiumZIPFoundation in Frameworks */,
			);
			runOnlyForDeploymentPostprocessing = 0;
		};
		1180360C16B299337236549E /* Frameworks */ = {
			isa = PBXFrameworksBuildPhase;
			buildActionMask = 2147483647;
			files = (
				97EB3739BD8610E06A7E97BC /* WonderPairing in Frameworks */,
			);
			runOnlyForDeploymentPostprocessing = 0;
		};
		6131E66C91A45F24C017F565 /* Frameworks */ = {
			isa = PBXFrameworksBuildPhase;
			buildActionMask = 2147483647;
			files = (
				C811A5ED247214E881943599 /* Foundation.framework in Frameworks */,
			);
			runOnlyForDeploymentPostprocessing = 0;
		};
		E2026C9A70D9D5686BE244EB /* Frameworks */ = {
			isa = PBXFrameworksBuildPhase;
			buildActionMask = 2147483647;
			files = (
				5099615A08B198A187DA2B1B /* Foundation.framework in Frameworks */,
			);
			runOnlyForDeploymentPostprocessing = 0;
		};
		E5E07E7ED64918016B704DAA /* Frameworks */ = {
			isa = PBXFrameworksBuildPhase;
			buildActionMask = 2147483647;
			files = (
				680B8838AFFE7FC98AE82FCF /* Foundation.framework in Frameworks */,
			);
			runOnlyForDeploymentPostprocessing = 0;
		};
		E10000000000000000000015 /* Frameworks */ = {
			isa = PBXFrameworksBuildPhase;
			buildActionMask = 2147483647;
			files = ();
			runOnlyForDeploymentPostprocessing = 0;
		};
/* End PBXFrameworksBuildPhase section */

/* Begin PBXGroup section */
		000000000000000000000002 = {
			isa = PBXGroup;
			children = (
				000000000000000000000003 /* Wonder */,
				000000000000000000000004 /* Products */,
				9A83AAB81DC2FF3026491425 /* Frameworks */,
				317DFB82E066B935EFF98DA5 /* WonderUITests */,
				1B498291A91D7FCDFACE7033 /* WonderDiagnosticsTests */,
				296AC4FB7739A5313CEA6FD9 /* PushShared */,
				C518C0B5DCD7ECA8129E4916 /* WonderNotificationService */,
				CE2104FC1D46538F31EBDB85 /* WonderShare */,
				E10000000000000000000010 /* WonderWidget */,
			);
			sourceTree = "<group>";
		};
		000000000000000000000003 /* Wonder */ = {
			isa = PBXGroup;
			children = (
				00000000000000000000000A /* WonderApp.swift */,
				00000000000000000000000B /* Identity.swift */,
				00000000000000000000000C /* ConnectionModel.swift */,
				00000000000000000000000D /* NativeChats.swift */,
				F30000000000000000000011 /* WorkspaceArchivePreflight.swift */,
				F30000000000000000000012 /* WorkspaceModelPreview.swift */,
				F30000000000000000000013 /* WorkspacePublicationPreview.swift */,
				F30000000000000000000014 /* EPUB-LICENSES.md */,
				BA9F00000000000000000002 /* SubagentDock.swift */,
				BA9F00000000000000000004 /* PushNotifications.swift */,
				BA9F00000000000000000006 /* ComposerApprovalSettings.swift */,
				C30000000000000000000002 /* AutomationsView.swift */,
				A10000000000000000000013 /* CameraCapture.swift */,
				A10000000000000000000018 /* ComputerSessionView.swift */,
				A10000000000000000000094 /* ComputerInput.swift */,
				A10000000000000000000019 /* WebRTC-LICENSE.md */,
				00000000000000000000000E /* Assets.xcassets */,
				A10000000000000000000001 /* ManagementViews.swift */,
				A10000000000000000000003 /* MacFileAccess.swift */,
				A10000000000000000000007 /* DictationViews.swift */,
				B20000000000000000000007 /* ProjectsModel.swift */,
				B20000000000000000000005 /* ProjectViews.swift */,
				B20000000000000000000003 /* NewChatView.swift */,
				B20000000000000000000001 /* AppShell.swift */,
				E1000000000000000000000A /* ProjectWidgetSnapshotPublisher.swift */,
				A10000000000000000000011 /* GroupCollaborationViews.swift */,
				A10000000000000000000016 /* ScienceAvatar.swift */,
				A100000000000000000F0002 /* WonderTheme.swift */,
				A100000000000000000F0004 /* CodeBlockView.swift */,
				A100000000000000000F0006 /* TextFileViewers.swift */,
				A10000000000000000000092 /* ScienceAvatarGeometry.swift */,
				3F57D5EB13865B3F87CCC662 /* Diagnostics.swift */,
				F5AA3A14AB81C67C8DDCB7B6 /* DiagnosticScenarios.swift */,
				346332EBDE310F6CD014B601 /* PhoneIdentity.swift */,
			);
			path = Wonder;
			sourceTree = "<group>";
		};
		000000000000000000000004 /* Products */ = {
			isa = PBXGroup;
			children = (
				000000000000000000000005 /* Wonder.app */,
				A553489F83673E66720A931F /* WonderUITests.xctest */,
				8FF492D188DF8F08262C744B /* WonderDiagnosticsTests.xctest */,
				BFA70C66124A72503DDC9554 /* WonderNotificationService.appex */,
				BC9D631263C10B783E48F521 /* WonderShare.appex */,
				E1000000000000000000000C /* WonderWidget.appex */,
			);
			name = Products;
			sourceTree = "<group>";
		};
		1B498291A91D7FCDFACE7033 /* WonderDiagnosticsTests */ = {
			isa = PBXGroup;
			children = (
				47E82AB093AAA04EBEBABC57 /* WonderDiagnosticsTests.swift */,
				E1000000000000000000000B /* ProjectWidgetSnapshotTests.swift */,
				F30000000000000000000016 /* WorkspacePreviewPolicyTests.swift */,
			);
			name = WonderDiagnosticsTests;
			path = WonderDiagnosticsTests;
			sourceTree = "<group>";
		};
		296AC4FB7739A5313CEA6FD9 /* PushShared */ = {
			isa = PBXGroup;
			children = (
				909B485EDED5FBC663A6C8A5 /* PushPreview.swift */,
			);
			name = PushShared;
			path = PushShared;
			sourceTree = "<group>";
		};
		317DFB82E066B935EFF98DA5 /* WonderUITests */ = {
			isa = PBXGroup;
			children = (
				6140834B9A9F3D15FF06833A /* WonderUITests.swift */,
				C30000000000000000000004 /* AutomationUITests.swift */,
				D10000000000000000000002 /* DeepLinkUITests.swift */,
				F30000000000000000000015 /* WorkspacePreviewUITests.swift */,
			);
			name = WonderUITests;
			path = WonderUITests;
			sourceTree = "<group>";
		};
		648B7963A0C73488CB86E98A /* iOS */ = {
			isa = PBXGroup;
			children = (
				4E2F05DCDF1EF93891E66147 /* Foundation.framework */,
			);
			name = iOS;
			sourceTree = "<group>";
		};
		9A83AAB81DC2FF3026491425 /* Frameworks */ = {
			isa = PBXGroup;
			children = (
				648B7963A0C73488CB86E98A /* iOS */,
			);
			name = Frameworks;
			sourceTree = "<group>";
		};
		C518C0B5DCD7ECA8129E4916 /* WonderNotificationService */ = {
			isa = PBXGroup;
			children = (
				35514834A232D7BF80D47544 /* NotificationService.swift */,
				65E3D1A1343ACC28CEB0C089 /* Info.plist */,
				26AE55576767892982C94B4E /* WonderNotificationService.entitlements */,
			);
			name = WonderNotificationService;
			path = WonderNotificationService;
			sourceTree = "<group>";
		};
		CE2104FC1D46538F31EBDB85 /* WonderShare */ = {
			isa = PBXGroup;
			children = (
				49B30AA7F72EB16CF2018A69 /* ShareViewController.swift */,
				A0A97AAF060C3698CD66A9EF /* Info.plist */,
				AC2C84E21DC79219A2F40F8C /* WonderShare.entitlements */,
			);
			name = WonderShare;
			path = WonderShare;
			sourceTree = "<group>";
		};
		E10000000000000000000010 /* WonderWidget */ = {
			isa = PBXGroup;
			children = (
				E10000000000000000000008 /* ProjectWidgetSnapshot.swift */,
				E10000000000000000000009 /* WonderProjectWidget.swift */,
				E1000000000000000000000E /* Info.plist */,
				E1000000000000000000000F /* WonderWidget.entitlements */,
			);
			name = WonderWidget;
			path = WonderWidget;
			sourceTree = "<group>";
		};
/* End PBXGroup section */

/* Begin PBXNativeTarget section */
		000000000000000000000006 /* Wonder */ = {
			isa = PBXNativeTarget;
			buildConfigurationList = 00000000000000000000002C /* Build configuration list for PBXNativeTarget "Wonder" */;
			buildPhases = (
				00000000000000000000001E /* Sources */,
				00000000000000000000001F /* Frameworks */,
				000000000000000000000020 /* Resources */,
				7176E2C72C9E2368ED91F62D /* Embed App Extensions */,
			);
			buildRules = (
			);
			dependencies = (
				D4C677FDC1238FF238B59ACA /* PBXTargetDependency */,
				1827FA59B83879158B6527B4 /* PBXTargetDependency */,
				E10000000000000000000017 /* PBXTargetDependency */,
			);
			name = Wonder;
			packageProductDependencies = (
				000000000000000000000022 /* WonderPairing */,
				000000000000000000000024 /* WonderComputerView */,
				F30000000000000000000021 /* ReadiumShared */,
				F30000000000000000000022 /* ReadiumStreamer */,
				F30000000000000000000023 /* ReadiumNavigator */,
				F30000000000000000000024 /* ReadiumZIPFoundation */,
			);
			productName = Wonder;
			productReference = 000000000000000000000005 /* Wonder.app */;
			productType = "com.apple.product-type.application";
		};
		5A8F66D832A5AA7BE3F3D34C /* WonderUITests */ = {
			isa = PBXNativeTarget;
			buildConfigurationList = F8458E6CB6794FF6BDD66C96 /* Build configuration list for PBXNativeTarget "WonderUITests" */;
			buildPhases = (
				F91131F71B14CEB5383AF852 /* Sources */,
				E2026C9A70D9D5686BE244EB /* Frameworks */,
				20938B2C90E338745D27C17D /* Resources */,
			);
			buildRules = (
			);
			dependencies = (
				916EAE41053F4F73234E84D9 /* PBXTargetDependency */,
			);
			name = WonderUITests;
			productName = WonderUITests;
			productReference = A553489F83673E66720A931F /* WonderUITests.xctest */;
			productType = "com.apple.product-type.bundle.ui-testing";
		};
		6BB589EAEEA42379EF5BCA0C /* WonderShare */ = {
			isa = PBXNativeTarget;
			buildConfigurationList = 4812DE3666E45A32136D9624 /* Build configuration list for PBXNativeTarget "WonderShare" */;
			buildPhases = (
				EF67C941CA561376AA6904FD /* Sources */,
				1180360C16B299337236549E /* Frameworks */,
				5C81B237D021866F6AA09608 /* Resources */,
			);
			buildRules = (
			);
			dependencies = (
			);
			name = WonderShare;
			packageProductDependencies = (
				90E35E164141A24FE33D9F29 /* WonderPairing */,
			);
			productName = WonderShare;
			productReference = BC9D631263C10B783E48F521 /* WonderShare.appex */;
			productType = "com.apple.product-type.app-extension";
		};
		A67491E68CB3DB9929A9EBEE /* WonderNotificationService */ = {
			isa = PBXNativeTarget;
			buildConfigurationList = B3B9FC9B7BB0054D6004EAB1 /* Build configuration list for PBXNativeTarget "WonderNotificationService" */;
			buildPhases = (
				50868AF765A3491498AF9D99 /* Sources */,
				E5E07E7ED64918016B704DAA /* Frameworks */,
				A286D7D94DD1D09AFE8EC476 /* Resources */,
			);
			buildRules = (
			);
			dependencies = (
			);
			name = WonderNotificationService;
			productName = WonderNotificationService;
			productReference = BFA70C66124A72503DDC9554 /* WonderNotificationService.appex */;
			productType = "com.apple.product-type.app-extension";
		};
		CE8362DBD6510DADD2E8CF36 /* WonderDiagnosticsTests */ = {
			isa = PBXNativeTarget;
			buildConfigurationList = A4D78CE01E2BA70C0F23549E /* Build configuration list for PBXNativeTarget "WonderDiagnosticsTests" */;
			buildPhases = (
				3DC6EB1C685F13BF9162DBAB /* Sources */,
				6131E66C91A45F24C017F565 /* Frameworks */,
				03CE238816B4DFB68B870851 /* Resources */,
			);
			buildRules = (
			);
			dependencies = (
				658DA65665F7088B50996DD8 /* PBXTargetDependency */,
			);
			name = WonderDiagnosticsTests;
			productName = WonderDiagnosticsTests;
			productReference = 8FF492D188DF8F08262C744B /* WonderDiagnosticsTests.xctest */;
			productType = "com.apple.product-type.bundle.unit-test";
		};
		E10000000000000000000012 /* WonderWidget */ = {
			isa = PBXNativeTarget;
			buildConfigurationList = E10000000000000000000018 /* Build configuration list for PBXNativeTarget "WonderWidget" */;
			buildPhases = (
				E10000000000000000000014 /* Sources */,
				E10000000000000000000015 /* Frameworks */,
				E10000000000000000000016 /* Resources */,
			);
			buildRules = ();
			dependencies = ();
			name = WonderWidget;
			productName = WonderWidget;
			productReference = E1000000000000000000000C /* WonderWidget.appex */;
			productType = "com.apple.product-type.app-extension";
		};
/* End PBXNativeTarget section */

/* Begin PBXProject section */
		000000000000000000000001 /* Project object */ = {
			isa = PBXProject;
			attributes = {
				LastUpgradeCheck = 2660;
			};
			buildConfigurationList = 00000000000000000000002D /* Build configuration list for PBXProject "Wonder" */;
			compatibilityVersion = "Xcode 14.0";
			developmentRegion = en;
			hasScannedForEncodings = 0;
			knownRegions = (
				en,
				Base,
			);
			mainGroup = 000000000000000000000002;
			packageReferences = (
				000000000000000000000021 /* XCLocalSwiftPackageReference "native" */,
				F30000000000000000000031 /* XCRemoteSwiftPackageReference "swift-toolkit" */,
				F30000000000000000000032 /* XCRemoteSwiftPackageReference "ZIPFoundation" */,
			);
			productRefGroup = 000000000000000000000004 /* Products */;
			projectDirPath = "";
			projectRoot = "";
			targets = (
				000000000000000000000006 /* Wonder */,
				5A8F66D832A5AA7BE3F3D34C /* WonderUITests */,
				CE8362DBD6510DADD2E8CF36 /* WonderDiagnosticsTests */,
				A67491E68CB3DB9929A9EBEE /* WonderNotificationService */,
				6BB589EAEEA42379EF5BCA0C /* WonderShare */,
				E10000000000000000000012 /* WonderWidget */,
			);
		};
/* End PBXProject section */

/* Begin PBXResourcesBuildPhase section */
		000000000000000000000020 /* Resources */ = {
			isa = PBXResourcesBuildPhase;
			buildActionMask = 2147483647;
			files = (
				F30000000000000000000008 /* EPUB-LICENSES.md in Resources */,
				000000000000000000000018 /* Assets.xcassets in Resources */,
				A1000000000000000000001A /* WebRTC-LICENSE.md in Resources */,
			);
			runOnlyForDeploymentPostprocessing = 0;
		};
		03CE238816B4DFB68B870851 /* Resources */ = {
			isa = PBXResourcesBuildPhase;
			buildActionMask = 2147483647;
			files = (
			);
			runOnlyForDeploymentPostprocessing = 0;
		};
		20938B2C90E338745D27C17D /* Resources */ = {
			isa = PBXResourcesBuildPhase;
			buildActionMask = 2147483647;
			files = (
			);
			runOnlyForDeploymentPostprocessing = 0;
		};
		5C81B237D021866F6AA09608 /* Resources */ = {
			isa = PBXResourcesBuildPhase;
			buildActionMask = 2147483647;
			files = (
			);
			runOnlyForDeploymentPostprocessing = 0;
		};
		A286D7D94DD1D09AFE8EC476 /* Resources */ = {
			isa = PBXResourcesBuildPhase;
			buildActionMask = 2147483647;
			files = (
			);
			runOnlyForDeploymentPostprocessing = 0;
		};
		E10000000000000000000016 /* Resources */ = {
			isa = PBXResourcesBuildPhase;
			buildActionMask = 2147483647;
			files = ();
			runOnlyForDeploymentPostprocessing = 0;
		};
/* End PBXResourcesBuildPhase section */

/* Begin PBXSourcesBuildPhase section */
		00000000000000000000001E /* Sources */ = {
			isa = PBXSourcesBuildPhase;
			buildActionMask = 2147483647;
			files = (
				000000000000000000000014 /* WonderApp.swift in Sources */,
				000000000000000000000015 /* Identity.swift in Sources */,
				E10000000000000000000001 /* ProjectWidgetSnapshot.swift in Wonder Sources */,
				E10000000000000000000004 /* ProjectWidgetSnapshotPublisher.swift in Sources */,
				000000000000000000000016 /* ConnectionModel.swift in Sources */,
				000000000000000000000017 /* NativeChats.swift in Sources */,
				F30000000000000000000001 /* WorkspaceArchivePreflight.swift in Sources */,
				F30000000000000000000002 /* WorkspaceModelPreview.swift in Sources */,
				F30000000000000000000003 /* WorkspacePublicationPreview.swift in Sources */,
				BA9F00000000000000000001 /* SubagentDock.swift in Sources */,
				BA9F00000000000000000003 /* PushNotifications.swift in Sources */,
				BA9F00000000000000000005 /* ComposerApprovalSettings.swift in Sources */,
				C30000000000000000000001 /* AutomationsView.swift in Sources */,
				A10000000000000000000014 /* CameraCapture.swift in Sources */,
				A10000000000000000000017 /* ComputerSessionView.swift in Sources */,
				A10000000000000000000093 /* ComputerInput.swift in Sources */,
				A10000000000000000000002 /* ManagementViews.swift in Sources */,
				A10000000000000000000004 /* MacFileAccess.swift in Sources */,
				A10000000000000000000008 /* DictationViews.swift in Sources */,
				B20000000000000000000008 /* ProjectsModel.swift in Sources */,
				B20000000000000000000006 /* ProjectViews.swift in Sources */,
				B20000000000000000000004 /* NewChatView.swift in Sources */,
				B20000000000000000000002 /* AppShell.swift in Sources */,
				A10000000000000000000012 /* GroupCollaborationViews.swift in Sources */,
				A10000000000000000000015 /* ScienceAvatar.swift in Sources */,
				A100000000000000000F0001 /* WonderTheme.swift in Sources */,
				A100000000000000000F0003 /* CodeBlockView.swift in Sources */,
				A100000000000000000F0005 /* TextFileViewers.swift in Sources */,
				A10000000000000000000091 /* ScienceAvatarGeometry.swift in Sources */,
				957A868C40FEB21B3429D722 /* Diagnostics.swift in Sources */,
				19676721D0C33BD9EDCB60A9 /* DiagnosticScenarios.swift in Sources */,
				26887CC3693F840C83461F90 /* PushPreview.swift in Sources */,
				8B0ABAD4AE4743603CEBE1B6 /* PhoneIdentity.swift in Sources */,
			);
			runOnlyForDeploymentPostprocessing = 0;
		};
		3DC6EB1C685F13BF9162DBAB /* Sources */ = {
			isa = PBXSourcesBuildPhase;
			buildActionMask = 2147483647;
			files = (
				9704A6C8BA26214D46834682 /* WonderDiagnosticsTests.swift in Sources */,
				E10000000000000000000005 /* ProjectWidgetSnapshotTests.swift in Sources */,
				F3000000000000000000000A /* WorkspacePreviewPolicyTests.swift in Sources */,
			);
			runOnlyForDeploymentPostprocessing = 0;
		};
		50868AF765A3491498AF9D99 /* Sources */ = {
			isa = PBXSourcesBuildPhase;
			buildActionMask = 2147483647;
			files = (
				221AE19300F904CA9DEB5CED /* PushPreview.swift in Sources */,
				A535011EC173486375ACC652 /* NotificationService.swift in Sources */,
			);
			runOnlyForDeploymentPostprocessing = 0;
		};
		EF67C941CA561376AA6904FD /* Sources */ = {
			isa = PBXSourcesBuildPhase;
			buildActionMask = 2147483647;
			files = (
				683458BA65F7CAD5A0B9BC32 /* ShareViewController.swift in Sources */,
				C892AA779665CB03113835C1 /* PhoneIdentity.swift in Sources */,
			);
			runOnlyForDeploymentPostprocessing = 0;
		};
		F91131F71B14CEB5383AF852 /* Sources */ = {
			isa = PBXSourcesBuildPhase;
			buildActionMask = 2147483647;
			files = (
				BFCD92EE5E10E7535685F137 /* WonderUITests.swift in Sources */,
				F30000000000000000000009 /* WorkspacePreviewUITests.swift in Sources */,
				C30000000000000000000003 /* AutomationUITests.swift in Sources */,
				D10000000000000000000001 /* DeepLinkUITests.swift in Sources */,
			);
			runOnlyForDeploymentPostprocessing = 0;
		};
		E10000000000000000000014 /* Sources */ = {
			isa = PBXSourcesBuildPhase;
			buildActionMask = 2147483647;
			files = (
				E10000000000000000000002 /* ProjectWidgetSnapshot.swift in Widget Sources */,
				E10000000000000000000003 /* WonderProjectWidget.swift in Sources */,
			);
			runOnlyForDeploymentPostprocessing = 0;
		};
/* End PBXSourcesBuildPhase section */

/* Begin PBXTargetDependency section */
		1827FA59B83879158B6527B4 /* PBXTargetDependency */ = {
			isa = PBXTargetDependency;
			name = WonderShare;
			target = 6BB589EAEEA42379EF5BCA0C /* WonderShare */;
			targetProxy = F034F0AC1342DB51C656F881 /* PBXContainerItemProxy */;
		};
		658DA65665F7088B50996DD8 /* PBXTargetDependency */ = {
			isa = PBXTargetDependency;
			name = Wonder;
			target = 000000000000000000000006 /* Wonder */;
			targetProxy = 694FABCAC269D7E991465CA3 /* PBXContainerItemProxy */;
		};
		916EAE41053F4F73234E84D9 /* PBXTargetDependency */ = {
			isa = PBXTargetDependency;
			name = Wonder;
			target = 000000000000000000000006 /* Wonder */;
			targetProxy = FEEAD6978303FCD94DEC7F30 /* PBXContainerItemProxy */;
		};
		D4C677FDC1238FF238B59ACA /* PBXTargetDependency */ = {
			isa = PBXTargetDependency;
			name = WonderNotificationService;
			target = A67491E68CB3DB9929A9EBEE /* WonderNotificationService */;
			targetProxy = 9D20F23E49E47E1D56751C78 /* PBXContainerItemProxy */;
		};
		E10000000000000000000017 /* PBXTargetDependency */ = {
			isa = PBXTargetDependency;
			name = WonderWidget;
			target = E10000000000000000000012 /* WonderWidget */;
			targetProxy = E1000000000000000000000D /* PBXContainerItemProxy */;
		};
/* End PBXTargetDependency section */

/* Begin XCBuildConfiguration section */
		000000000000000000000028 /* Debug */ = {
			isa = XCBuildConfiguration;
			buildSettings = {
				ASSETCATALOG_COMPILER_APPICON_NAME = AppIcon;
				CODE_SIGN_ENTITLEMENTS = Wonder/Wonder.entitlements;
				CODE_SIGN_STYLE = Automatic;
				CURRENT_PROJECT_VERSION = 1;
				DEVELOPMENT_TEAM = 8KKNVD7758;
				GENERATE_INFOPLIST_FILE = YES;
				INFOPLIST_FILE = Wonder/BuildInfo.plist;
				INFOPLIST_KEY_ITSAppUsesNonExemptEncryption = NO;
				INFOPLIST_KEY_NSCameraUsageDescription = "Wonder uses the camera to take photos to attach to messages and scan a pairing code shown on your Mac.";
				INFOPLIST_KEY_NSLocalNetworkUsageDescription = "Wonder connects directly to your paired Mac on your local network to show its screen securely.";
				INFOPLIST_KEY_NSMicrophoneUsageDescription = "Record your voice to add words to your draft using on-device speech or your paired Mac.";
				INFOPLIST_KEY_UIApplicationSceneManifest_Generation = YES;
				INFOPLIST_KEY_UILaunchScreen_Generation = YES;
				INFOPLIST_KEY_UISupportedInterfaceOrientations_iPad = "UIInterfaceOrientationPortrait UIInterfaceOrientationPortraitUpsideDown UIInterfaceOrientationLandscapeLeft UIInterfaceOrientationLandscapeRight";
				INFOPLIST_KEY_UISupportedInterfaceOrientations_iPhone = "UIInterfaceOrientationPortrait UIInterfaceOrientationLandscapeLeft UIInterfaceOrientationLandscapeRight";
				IPHONEOS_DEPLOYMENT_TARGET = 26.0;
				LD_RUNPATH_SEARCH_PATHS = (
					"$(inherited)",
					"@executable_path/Frameworks",
				);
				MARKETING_VERSION = 0.1.0;
				PRODUCT_BUNDLE_IDENTIFIER = "$(WONDER_APP_BUNDLE_IDENTIFIER)";
				PRODUCT_NAME = Wonder;
				PROVISIONING_PROFILE_SPECIFIER = "$(WONDER_MAIN_PROFILE)";
				SDKROOT = iphoneos;
				SWIFT_ACTIVE_COMPILATION_CONDITIONS = DEBUG;
				SWIFT_OPTIMIZATION_LEVEL = "-Onone";
				SWIFT_VERSION = 6.0;
				TARGETED_DEVICE_FAMILY = "1,2";
				WONDER_APNS_ENVIRONMENT = sandbox;
				WONDER_APP_BUNDLE_IDENTIFIER = com.saimun.wonder.native;
				WONDER_APP_DISPLAY_NAME = Wonder;
				WONDER_WIDGET_APP_GROUP = group.com.saimun.wonder.native;
				WONDER_BUILD_PROFILE = debug;
				WONDER_DISTRIBUTION_CHANNEL = production;
				WONDER_DEEP_LINK_SCHEME = wonder;
			};
			name = Debug;
		};
		000000000000000000000029 /* Release */ = {
			isa = XCBuildConfiguration;
			buildSettings = {
				ASSETCATALOG_COMPILER_APPICON_NAME = AppIcon;
				CODE_SIGN_ENTITLEMENTS = Wonder/Wonder.entitlements;
				CODE_SIGN_STYLE = Automatic;
				CURRENT_PROJECT_VERSION = 1;
				DEBUG_INFORMATION_FORMAT = "dwarf-with-dsym";
				DEVELOPMENT_TEAM = 8KKNVD7758;
				GENERATE_INFOPLIST_FILE = YES;
				INFOPLIST_FILE = Wonder/BuildInfo.plist;
				INFOPLIST_KEY_ITSAppUsesNonExemptEncryption = NO;
				INFOPLIST_KEY_NSCameraUsageDescription = "Wonder uses the camera to take photos to attach to messages and scan a pairing code shown on your Mac.";
				INFOPLIST_KEY_NSLocalNetworkUsageDescription = "Wonder connects directly to your paired Mac on your local network to show its screen securely.";
				INFOPLIST_KEY_NSMicrophoneUsageDescription = "Record your voice to add words to your draft using on-device speech or your paired Mac.";
				INFOPLIST_KEY_UIApplicationSceneManifest_Generation = YES;
				INFOPLIST_KEY_UILaunchScreen_Generation = YES;
				INFOPLIST_KEY_UISupportedInterfaceOrientations_iPad = "UIInterfaceOrientationPortrait UIInterfaceOrientationPortraitUpsideDown UIInterfaceOrientationLandscapeLeft UIInterfaceOrientationLandscapeRight";
				INFOPLIST_KEY_UISupportedInterfaceOrientations_iPhone = "UIInterfaceOrientationPortrait UIInterfaceOrientationLandscapeLeft UIInterfaceOrientationLandscapeRight";
				IPHONEOS_DEPLOYMENT_TARGET = 26.0;
				LD_RUNPATH_SEARCH_PATHS = (
					"$(inherited)",
					"@executable_path/Frameworks",
				);
				MARKETING_VERSION = 1.0;
				PRODUCT_BUNDLE_IDENTIFIER = "$(WONDER_APP_BUNDLE_IDENTIFIER)";
				PRODUCT_NAME = Wonder;
				PROVISIONING_PROFILE_SPECIFIER = "$(WONDER_MAIN_PROFILE)";
				SDKROOT = iphoneos;
				SWIFT_OPTIMIZATION_LEVEL = "-O";
				SWIFT_VERSION = 6.0;
				TARGETED_DEVICE_FAMILY = "1,2";
				WONDER_APNS_ENVIRONMENT = production;
				WONDER_APP_BUNDLE_IDENTIFIER = com.swaymun.wonder;
				WONDER_APP_DISPLAY_NAME = Wonder;
				WONDER_WIDGET_APP_GROUP = group.com.swaymun.wonder;
				WONDER_BUILD_PROFILE = release;
				WONDER_DISTRIBUTION_CHANNEL = production;
				WONDER_DEEP_LINK_SCHEME = wonder;
			};
			name = Release;
		};
		00000000000000000000002A /* Debug */ = {
			isa = XCBuildConfiguration;
			buildSettings = {
			};
			name = Debug;
		};
		00000000000000000000002B /* Release */ = {
			isa = XCBuildConfiguration;
			buildSettings = {
			};
			name = Release;
		};
		15EC1B06625128E5C6819197 /* Debug */ = {
			isa = XCBuildConfiguration;
			buildSettings = {
				BUNDLE_LOADER = "$(TEST_HOST)";
				CLANG_ENABLE_OBJC_WEAK = NO;
				CODE_SIGN_STYLE = Automatic;
				DEVELOPMENT_TEAM = 8KKNVD7758;
				GENERATE_INFOPLIST_FILE = YES;
				IPHONEOS_DEPLOYMENT_TARGET = 26.0;
				PRODUCT_BUNDLE_IDENTIFIER = com.swaymun.wonder.WonderDiagnosticsTests;
				SDKROOT = iphoneos;
				SWIFT_VERSION = 6.0;
				TARGETED_DEVICE_FAMILY = "1,2";
				TEST_HOST = "$(BUILT_PRODUCTS_DIR)/Wonder.app/$(BUNDLE_EXECUTABLE_FOLDER_PATH)/Wonder";
			};
			name = Debug;
		};
		302FE45BC1FE03BC5CBB8806 /* Diagnostics */ = {
			isa = XCBuildConfiguration;
			buildSettings = {
				CLANG_ENABLE_OBJC_WEAK = NO;
				CODE_SIGN_STYLE = Automatic;
				DEVELOPMENT_TEAM = 8KKNVD7758;
				GENERATE_INFOPLIST_FILE = YES;
				IPHONEOS_DEPLOYMENT_TARGET = 26.0;
				PRODUCT_BUNDLE_IDENTIFIER = com.swaymun.wonder.WonderUITests;
				SDKROOT = iphoneos;
				SWIFT_VERSION = 6.0;
				TARGETED_DEVICE_FAMILY = "1,2";
				TEST_TARGET_NAME = Wonder;
				VALIDATE_PRODUCT = YES;
			};
			name = Diagnostics;
		};
		362C87CB995979746EA0AEC5 /* TestingDiagnostics */ = {
			isa = XCBuildConfiguration;
			buildSettings = {
				ASSETCATALOG_COMPILER_APPICON_NAME = AppIconTesting;
				CODE_SIGN_ENTITLEMENTS = Wonder/Wonder.entitlements;
				CODE_SIGN_STYLE = "$(WONDER_APP_SIGNING_STYLE)";
				CURRENT_PROJECT_VERSION = 1;
				DEBUG_INFORMATION_FORMAT = "dwarf-with-dsym";
				DEVELOPMENT_TEAM = 8KKNVD7758;
				ENABLE_TESTABILITY = YES;
				GENERATE_INFOPLIST_FILE = YES;
				INFOPLIST_FILE = Wonder/BuildInfo.plist;
				INFOPLIST_KEY_CFBundleDisplayName = "$(WONDER_APP_DISPLAY_NAME)";
				INFOPLIST_KEY_ITSAppUsesNonExemptEncryption = NO;
				INFOPLIST_KEY_NSCameraUsageDescription = "Wonder uses the camera to take photos to attach to messages and scan a pairing code shown on your Mac.";
				INFOPLIST_KEY_NSLocalNetworkUsageDescription = "Wonder connects directly to your paired Mac on your local network to show its screen securely.";
				INFOPLIST_KEY_NSMicrophoneUsageDescription = "Record your voice to add words to your draft using on-device speech or your paired Mac.";
				INFOPLIST_KEY_UIApplicationSceneManifest_Generation = YES;
				INFOPLIST_KEY_UILaunchScreen_Generation = YES;
				INFOPLIST_KEY_UISupportedInterfaceOrientations_iPad = "UIInterfaceOrientationPortrait UIInterfaceOrientationPortraitUpsideDown UIInterfaceOrientationLandscapeLeft UIInterfaceOrientationLandscapeRight";
				INFOPLIST_KEY_UISupportedInterfaceOrientations_iPhone = "UIInterfaceOrientationPortrait UIInterfaceOrientationLandscapeLeft UIInterfaceOrientationLandscapeRight";
				IPHONEOS_DEPLOYMENT_TARGET = 26.0;
				LD_RUNPATH_SEARCH_PATHS = (
					"$(inherited)",
					"@executable_path/Frameworks",
				);
				MARKETING_VERSION = 1.0;
				PRODUCT_BUNDLE_IDENTIFIER = "$(WONDER_APP_BUNDLE_IDENTIFIER)";
				PRODUCT_NAME = Wonder;
				PROVISIONING_PROFILE_SPECIFIER = "$(WONDER_MAIN_PROFILE)";
				SDKROOT = iphoneos;
				SWIFT_ACTIVE_COMPILATION_CONDITIONS = WONDER_DIAGNOSTICS;
				SWIFT_OPTIMIZATION_LEVEL = "-O";
				SWIFT_VERSION = 6.0;
				TARGETED_DEVICE_FAMILY = "1,2";
				WONDER_APNS_ENVIRONMENT = sandbox;
				WONDER_APP_BUNDLE_IDENTIFIER = com.swaymun.wonder.testing;
				WONDER_APP_DISPLAY_NAME = "Wonder Testing";
				WONDER_WIDGET_APP_GROUP = group.com.swaymun.wonder.testing;
				WONDER_BUILD_PROFILE = diagnostics;
				WONDER_DISTRIBUTION_CHANNEL = testing;
				WONDER_DEEP_LINK_SCHEME = "wonder-testing";
			};
			name = TestingDiagnostics;
		};
		368EF6B050AFCC89A04E96FC /* Testing */ = {
			isa = XCBuildConfiguration;
			buildSettings = {
				APPLICATION_EXTENSION_API_ONLY = YES;
				CLANG_ENABLE_OBJC_WEAK = NO;
				CODE_SIGN_ENTITLEMENTS = WonderShare/WonderShare.entitlements;
				CODE_SIGN_STYLE = "$(WONDER_APP_SIGNING_STYLE)";
				CURRENT_PROJECT_VERSION = 1;
				DEBUG_INFORMATION_FORMAT = "dwarf-with-dsym";
				DEVELOPMENT_TEAM = 8KKNVD7758;
				GENERATE_INFOPLIST_FILE = YES;
				INFOPLIST_FILE = WonderShare/Info.plist;
				IPHONEOS_DEPLOYMENT_TARGET = 26.0;
				LD_RUNPATH_SEARCH_PATHS = (
					"$(inherited)",
					"@executable_path/Frameworks",
					"@executable_path/../../Frameworks",
				);
				MARKETING_VERSION = 1.0;
				PRODUCT_BUNDLE_IDENTIFIER = "$(WONDER_APP_BUNDLE_IDENTIFIER).Share";
				PRODUCT_NAME = "$(TARGET_NAME)";
				PROVISIONING_PROFILE_SPECIFIER = "$(WONDER_SHARE_PROFILE)";
				SDKROOT = iphoneos;
				SKIP_INSTALL = YES;
				SWIFT_OPTIMIZATION_LEVEL = "-O";
				SWIFT_VERSION = 6.0;
				TARGETED_DEVICE_FAMILY = "1,2";
				VALIDATE_PRODUCT = YES;
				WONDER_APP_BUNDLE_IDENTIFIER = com.swaymun.wonder.testing;
				WONDER_APP_DISPLAY_NAME = "Wonder Testing";
				WONDER_DISTRIBUTION_CHANNEL = testing;
			};
			name = Testing;
		};
		49E65EE47265D4ECFD7D2F36 /* Release */ = {
			isa = XCBuildConfiguration;
			buildSettings = {
				BUNDLE_LOADER = "$(TEST_HOST)";
				CLANG_ENABLE_OBJC_WEAK = NO;
				CODE_SIGN_STYLE = Automatic;
				DEVELOPMENT_TEAM = 8KKNVD7758;
				GENERATE_INFOPLIST_FILE = YES;
				IPHONEOS_DEPLOYMENT_TARGET = 26.0;
				PRODUCT_BUNDLE_IDENTIFIER = com.swaymun.wonder.WonderDiagnosticsTests;
				SDKROOT = iphoneos;
				SWIFT_VERSION = 6.0;
				TARGETED_DEVICE_FAMILY = "1,2";
				TEST_HOST = "$(BUILT_PRODUCTS_DIR)/Wonder.app/$(BUNDLE_EXECUTABLE_FOLDER_PATH)/Wonder";
				VALIDATE_PRODUCT = YES;
			};
			name = Release;
		};
		4E0C2F5943567B990F23037F /* Debug */ = {
			isa = XCBuildConfiguration;
			buildSettings = {
				APPLICATION_EXTENSION_API_ONLY = YES;
				CLANG_ENABLE_OBJC_WEAK = NO;
				CODE_SIGN_ENTITLEMENTS = WonderNotificationService/WonderNotificationService.entitlements;
				CODE_SIGN_STYLE = Automatic;
				CURRENT_PROJECT_VERSION = 1;
				DEBUG_INFORMATION_FORMAT = "dwarf-with-dsym";
				DEVELOPMENT_TEAM = 8KKNVD7758;
				GENERATE_INFOPLIST_FILE = YES;
				INFOPLIST_FILE = WonderNotificationService/Info.plist;
				IPHONEOS_DEPLOYMENT_TARGET = 26.0;
				LD_RUNPATH_SEARCH_PATHS = (
					"$(inherited)",
					"@executable_path/Frameworks",
					"@executable_path/../../Frameworks",
				);
				MARKETING_VERSION = 0.1.0;
				PRODUCT_BUNDLE_IDENTIFIER = "$(WONDER_APP_BUNDLE_IDENTIFIER).NotificationService";
				PRODUCT_NAME = "$(TARGET_NAME)";
				PROVISIONING_PROFILE_SPECIFIER = "$(WONDER_PUSH_PROFILE)";
				SDKROOT = iphoneos;
				SKIP_INSTALL = YES;
				SWIFT_OPTIMIZATION_LEVEL = "-Onone";
				SWIFT_VERSION = 6.0;
				TARGETED_DEVICE_FAMILY = "1,2";
				WONDER_APP_BUNDLE_IDENTIFIER = com.saimun.wonder.native;
				WONDER_APP_DISPLAY_NAME = Wonder;
				WONDER_DISTRIBUTION_CHANNEL = production;
			};
			name = Debug;
		};
		52B55C8558EB26DD82690AE4 /* Debug */ = {
			isa = XCBuildConfiguration;
			buildSettings = {
				APPLICATION_EXTENSION_API_ONLY = YES;
				CLANG_ENABLE_OBJC_WEAK = NO;
				CODE_SIGN_ENTITLEMENTS = WonderShare/WonderShare.entitlements;
				CODE_SIGN_STYLE = Automatic;
				CURRENT_PROJECT_VERSION = 1;
				DEBUG_INFORMATION_FORMAT = "dwarf-with-dsym";
				DEVELOPMENT_TEAM = 8KKNVD7758;
				GENERATE_INFOPLIST_FILE = YES;
				INFOPLIST_FILE = WonderShare/Info.plist;
				IPHONEOS_DEPLOYMENT_TARGET = 26.0;
				LD_RUNPATH_SEARCH_PATHS = (
					"$(inherited)",
					"@executable_path/Frameworks",
					"@executable_path/../../Frameworks",
				);
				MARKETING_VERSION = 0.1.0;
				PRODUCT_BUNDLE_IDENTIFIER = "$(WONDER_APP_BUNDLE_IDENTIFIER).Share";
				PRODUCT_NAME = "$(TARGET_NAME)";
				PROVISIONING_PROFILE_SPECIFIER = "$(WONDER_SHARE_PROFILE)";
				SDKROOT = iphoneos;
				SKIP_INSTALL = YES;
				SWIFT_OPTIMIZATION_LEVEL = "-Onone";
				SWIFT_VERSION = 6.0;
				TARGETED_DEVICE_FAMILY = "1,2";
				WONDER_APP_BUNDLE_IDENTIFIER = com.saimun.wonder.native;
				WONDER_APP_DISPLAY_NAME = Wonder;
				WONDER_DISTRIBUTION_CHANNEL = production;
			};
			name = Debug;
		};
		551E05B87ECAC86EE1878B38 /* TestingDiagnostics */ = {
			isa = XCBuildConfiguration;
			buildSettings = {
				APPLICATION_EXTENSION_API_ONLY = YES;
				CLANG_ENABLE_OBJC_WEAK = NO;
				CODE_SIGN_ENTITLEMENTS = WonderNotificationService/WonderNotificationService.entitlements;
				CODE_SIGN_STYLE = "$(WONDER_APP_SIGNING_STYLE)";
				CURRENT_PROJECT_VERSION = 1;
				DEBUG_INFORMATION_FORMAT = "dwarf-with-dsym";
				DEVELOPMENT_TEAM = 8KKNVD7758;
				GENERATE_INFOPLIST_FILE = YES;
				INFOPLIST_FILE = WonderNotificationService/Info.plist;
				IPHONEOS_DEPLOYMENT_TARGET = 26.0;
				LD_RUNPATH_SEARCH_PATHS = (
					"$(inherited)",
					"@executable_path/Frameworks",
					"@executable_path/../../Frameworks",
				);
				MARKETING_VERSION = 1.0;
				PRODUCT_BUNDLE_IDENTIFIER = "$(WONDER_APP_BUNDLE_IDENTIFIER).NotificationService";
				PRODUCT_NAME = "$(TARGET_NAME)";
				PROVISIONING_PROFILE_SPECIFIER = "$(WONDER_PUSH_PROFILE)";
				SDKROOT = iphoneos;
				SKIP_INSTALL = YES;
				SWIFT_OPTIMIZATION_LEVEL = "-O";
				SWIFT_VERSION = 6.0;
				TARGETED_DEVICE_FAMILY = "1,2";
				VALIDATE_PRODUCT = YES;
				WONDER_APP_BUNDLE_IDENTIFIER = com.swaymun.wonder.testing;
				WONDER_APP_DISPLAY_NAME = "Wonder Testing";
				WONDER_DISTRIBUTION_CHANNEL = testing;
			};
			name = TestingDiagnostics;
		};
		5C9B31AC93FF74FE92B7E2A1 /* Testing */ = {
			isa = XCBuildConfiguration;
			buildSettings = {
				WONDER_APP_SIGNING_STYLE = Automatic;
			};
			name = Testing;
		};
		6BB8DE8E1AB5C394581919A9 /* Diagnostics */ = {
			isa = XCBuildConfiguration;
			buildSettings = {
				APPLICATION_EXTENSION_API_ONLY = YES;
				CLANG_ENABLE_OBJC_WEAK = NO;
				CODE_SIGN_ENTITLEMENTS = WonderShare/WonderShare.entitlements;
				CODE_SIGN_STYLE = Automatic;
				CURRENT_PROJECT_VERSION = 1;
				DEBUG_INFORMATION_FORMAT = "dwarf-with-dsym";
				DEVELOPMENT_TEAM = 8KKNVD7758;
				GENERATE_INFOPLIST_FILE = YES;
				INFOPLIST_FILE = WonderShare/Info.plist;
				IPHONEOS_DEPLOYMENT_TARGET = 26.0;
				LD_RUNPATH_SEARCH_PATHS = (
					"$(inherited)",
					"@executable_path/Frameworks",
					"@executable_path/../../Frameworks",
				);
				MARKETING_VERSION = 1.0;
				PRODUCT_BUNDLE_IDENTIFIER = "$(WONDER_APP_BUNDLE_IDENTIFIER).Share";
				PRODUCT_NAME = "$(TARGET_NAME)";
				PROVISIONING_PROFILE_SPECIFIER = "$(WONDER_SHARE_PROFILE)";
				SDKROOT = iphoneos;
				SKIP_INSTALL = YES;
				SWIFT_OPTIMIZATION_LEVEL = "-O";
				SWIFT_VERSION = 6.0;
				TARGETED_DEVICE_FAMILY = "1,2";
				VALIDATE_PRODUCT = YES;
				WONDER_APP_BUNDLE_IDENTIFIER = com.swaymun.wonder;
				WONDER_APP_DISPLAY_NAME = Wonder;
				WONDER_DISTRIBUTION_CHANNEL = production;
			};
			name = Diagnostics;
		};
		6F0A655F076446D5B602A837 /* Debug */ = {
			isa = XCBuildConfiguration;
			buildSettings = {
				CLANG_ENABLE_OBJC_WEAK = NO;
				CODE_SIGN_STYLE = Automatic;
				DEVELOPMENT_TEAM = 8KKNVD7758;
				GENERATE_INFOPLIST_FILE = YES;
				IPHONEOS_DEPLOYMENT_TARGET = 26.0;
				PRODUCT_BUNDLE_IDENTIFIER = com.swaymun.wonder.WonderUITests;
				SDKROOT = iphoneos;
				SWIFT_VERSION = 6.0;
				TARGETED_DEVICE_FAMILY = "1,2";
				TEST_TARGET_NAME = Wonder;
			};
			name = Debug;
		};
		6F2D7801E53DA5718136AAC9 /* Diagnostics */ = {
			isa = XCBuildConfiguration;
			buildSettings = {
				BUNDLE_LOADER = "$(TEST_HOST)";
				CLANG_ENABLE_OBJC_WEAK = NO;
				CODE_SIGN_STYLE = Automatic;
				DEVELOPMENT_TEAM = 8KKNVD7758;
				GENERATE_INFOPLIST_FILE = YES;
				IPHONEOS_DEPLOYMENT_TARGET = 26.0;
				PRODUCT_BUNDLE_IDENTIFIER = com.swaymun.wonder.WonderDiagnosticsTests;
				SDKROOT = iphoneos;
				SWIFT_VERSION = 6.0;
				TARGETED_DEVICE_FAMILY = "1,2";
				TEST_HOST = "$(BUILT_PRODUCTS_DIR)/Wonder.app/$(BUNDLE_EXECUTABLE_FOLDER_PATH)/Wonder";
				VALIDATE_PRODUCT = YES;
			};
			name = Diagnostics;
		};
		83527B3593BC8E6DC873F62F /* Release */ = {
			isa = XCBuildConfiguration;
			buildSettings = {
				CLANG_ENABLE_OBJC_WEAK = NO;
				CODE_SIGN_STYLE = Automatic;
				DEVELOPMENT_TEAM = 8KKNVD7758;
				GENERATE_INFOPLIST_FILE = YES;
				IPHONEOS_DEPLOYMENT_TARGET = 26.0;
				PRODUCT_BUNDLE_IDENTIFIER = com.swaymun.wonder.WonderUITests;
				SDKROOT = iphoneos;
				SWIFT_VERSION = 6.0;
				TARGETED_DEVICE_FAMILY = "1,2";
				TEST_TARGET_NAME = Wonder;
				VALIDATE_PRODUCT = YES;
			};
			name = Release;
		};
		868359E420EC27D77554D072 /* Release */ = {
			isa = XCBuildConfiguration;
			buildSettings = {
				APPLICATION_EXTENSION_API_ONLY = YES;
				CLANG_ENABLE_OBJC_WEAK = NO;
				CODE_SIGN_ENTITLEMENTS = WonderShare/WonderShare.entitlements;
				CODE_SIGN_STYLE = Automatic;
				CURRENT_PROJECT_VERSION = 1;
				DEBUG_INFORMATION_FORMAT = "dwarf-with-dsym";
				DEVELOPMENT_TEAM = 8KKNVD7758;
				GENERATE_INFOPLIST_FILE = YES;
				INFOPLIST_FILE = WonderShare/Info.plist;
				IPHONEOS_DEPLOYMENT_TARGET = 26.0;
				LD_RUNPATH_SEARCH_PATHS = (
					"$(inherited)",
					"@executable_path/Frameworks",
					"@executable_path/../../Frameworks",
				);
				MARKETING_VERSION = 1.0;
				PRODUCT_BUNDLE_IDENTIFIER = "$(WONDER_APP_BUNDLE_IDENTIFIER).Share";
				PRODUCT_NAME = "$(TARGET_NAME)";
				PROVISIONING_PROFILE_SPECIFIER = "$(WONDER_SHARE_PROFILE)";
				SDKROOT = iphoneos;
				SKIP_INSTALL = YES;
				SWIFT_OPTIMIZATION_LEVEL = "-O";
				SWIFT_VERSION = 6.0;
				TARGETED_DEVICE_FAMILY = "1,2";
				VALIDATE_PRODUCT = YES;
				WONDER_APP_BUNDLE_IDENTIFIER = com.swaymun.wonder;
				WONDER_APP_DISPLAY_NAME = Wonder;
				WONDER_DISTRIBUTION_CHANNEL = production;
			};
			name = Release;
		};
		9702982DC2AAD13322FBFA2F /* Diagnostics */ = {
			isa = XCBuildConfiguration;
			buildSettings = {
				ASSETCATALOG_COMPILER_APPICON_NAME = AppIcon;
				CODE_SIGN_ENTITLEMENTS = Wonder/Wonder.entitlements;
				CODE_SIGN_STYLE = Automatic;
				CURRENT_PROJECT_VERSION = 1;
				DEBUG_INFORMATION_FORMAT = "dwarf-with-dsym";
				DEVELOPMENT_TEAM = 8KKNVD7758;
				ENABLE_TESTABILITY = YES;
				GENERATE_INFOPLIST_FILE = YES;
				INFOPLIST_FILE = Wonder/BuildInfo.plist;
				INFOPLIST_KEY_ITSAppUsesNonExemptEncryption = NO;
				INFOPLIST_KEY_NSCameraUsageDescription = "Wonder uses the camera to take photos to attach to messages and scan a pairing code shown on your Mac.";
				INFOPLIST_KEY_NSLocalNetworkUsageDescription = "Wonder connects directly to your paired Mac on your local network to show its screen securely.";
				INFOPLIST_KEY_NSMicrophoneUsageDescription = "Record your voice to add words to your draft using on-device speech or your paired Mac.";
				INFOPLIST_KEY_UIApplicationSceneManifest_Generation = YES;
				INFOPLIST_KEY_UILaunchScreen_Generation = YES;
				INFOPLIST_KEY_UISupportedInterfaceOrientations_iPad = "UIInterfaceOrientationPortrait UIInterfaceOrientationPortraitUpsideDown UIInterfaceOrientationLandscapeLeft UIInterfaceOrientationLandscapeRight";
				INFOPLIST_KEY_UISupportedInterfaceOrientations_iPhone = "UIInterfaceOrientationPortrait UIInterfaceOrientationLandscapeLeft UIInterfaceOrientationLandscapeRight";
				IPHONEOS_DEPLOYMENT_TARGET = 26.0;
				LD_RUNPATH_SEARCH_PATHS = (
					"$(inherited)",
					"@executable_path/Frameworks",
				);
				MARKETING_VERSION = 1.0;
				PRODUCT_BUNDLE_IDENTIFIER = "$(WONDER_APP_BUNDLE_IDENTIFIER)";
				PRODUCT_NAME = Wonder;
				PROVISIONING_PROFILE_SPECIFIER = "$(WONDER_MAIN_PROFILE)";
				SDKROOT = iphoneos;
				SWIFT_ACTIVE_COMPILATION_CONDITIONS = WONDER_DIAGNOSTICS;
				SWIFT_OPTIMIZATION_LEVEL = "-O";
				SWIFT_VERSION = 6.0;
				TARGETED_DEVICE_FAMILY = "1,2";
				WONDER_APNS_ENVIRONMENT = sandbox;
				WONDER_APP_BUNDLE_IDENTIFIER = com.swaymun.wonder;
				WONDER_APP_DISPLAY_NAME = Wonder;
				WONDER_WIDGET_APP_GROUP = group.com.swaymun.wonder;
				WONDER_BUILD_PROFILE = diagnostics;
				WONDER_DISTRIBUTION_CHANNEL = production;
				WONDER_DEEP_LINK_SCHEME = wonder;
			};
			name = Diagnostics;
		};
		9A4270F4D5CCB3A395EAEAFE /* Diagnostics */ = {
			isa = XCBuildConfiguration;
			buildSettings = {
				ALWAYS_SEARCH_USER_PATHS = NO;
				CLANG_ANALYZER_NONNULL = YES;
				CLANG_ANALYZER_NUMBER_OBJECT_CONVERSION = YES_AGGRESSIVE;
				CLANG_CXX_LANGUAGE_STANDARD = "gnu++14";
				CLANG_CXX_LIBRARY = "libc++";
				CLANG_ENABLE_MODULES = YES;
				CLANG_ENABLE_OBJC_ARC = YES;
				CLANG_ENABLE_OBJC_WEAK = YES;
				CLANG_WARN_BLOCK_CAPTURE_AUTORELEASING = YES;
				CLANG_WARN_BOOL_CONVERSION = YES;
				CLANG_WARN_COMMA = YES;
				CLANG_WARN_CONSTANT_CONVERSION = YES;
				CLANG_WARN_DEPRECATED_OBJC_IMPLEMENTATIONS = YES;
				CLANG_WARN_DIRECT_OBJC_ISA_USAGE = YES_ERROR;
				CLANG_WARN_DOCUMENTATION_COMMENTS = YES;
				CLANG_WARN_EMPTY_BODY = YES;
				CLANG_WARN_ENUM_CONVERSION = YES;
				CLANG_WARN_INFINITE_RECURSION = YES;
				CLANG_WARN_INT_CONVERSION = YES;
				CLANG_WARN_NON_LITERAL_NULL_CONVERSION = YES;
				CLANG_WARN_OBJC_IMPLICIT_RETAIN_SELF = YES;
				CLANG_WARN_OBJC_LITERAL_CONVERSION = YES;
				CLANG_WARN_OBJC_ROOT_CLASS = YES_ERROR;
				CLANG_WARN_QUOTED_INCLUDE_IN_FRAMEWORK_HEADER = YES;
				CLANG_WARN_RANGE_LOOP_ANALYSIS = YES;
				CLANG_WARN_STRICT_PROTOTYPES = YES;
				CLANG_WARN_SUSPICIOUS_MOVE = YES;
				CLANG_WARN_UNGUARDED_AVAILABILITY = YES_AGGRESSIVE;
				CLANG_WARN_UNREACHABLE_CODE = YES;
				CLANG_WARN__DUPLICATE_METHOD_MATCH = YES;
				COPY_PHASE_STRIP = NO;
				DEBUG_INFORMATION_FORMAT = "dwarf-with-dsym";
				ENABLE_NS_ASSERTIONS = NO;
				ENABLE_STRICT_OBJC_MSGSEND = YES;
				GCC_C_LANGUAGE_STANDARD = gnu11;
				GCC_NO_COMMON_BLOCKS = YES;
				GCC_WARN_64_TO_32_BIT_CONVERSION = YES;
				GCC_WARN_ABOUT_RETURN_TYPE = YES_ERROR;
				GCC_WARN_UNDECLARED_SELECTOR = YES;
				GCC_WARN_UNINITIALIZED_AUTOS = YES_AGGRESSIVE;
				GCC_WARN_UNUSED_FUNCTION = YES;
				GCC_WARN_UNUSED_VARIABLE = YES;
				MTL_ENABLE_DEBUG_INFO = NO;
				MTL_FAST_MATH = YES;
				PRODUCT_NAME = "$(TARGET_NAME)";
				SWIFT_COMPILATION_MODE = wholemodule;
				SWIFT_OPTIMIZATION_LEVEL = "-O";
				SWIFT_VERSION = 5.0;
			};
			name = Diagnostics;
		};
		9F0D4A580E21540E388B5C2C /* TestingDiagnostics */ = {
			isa = XCBuildConfiguration;
			buildSettings = {
				CLANG_ENABLE_OBJC_WEAK = NO;
				CODE_SIGN_STYLE = Automatic;
				DEVELOPMENT_TEAM = 8KKNVD7758;
				GENERATE_INFOPLIST_FILE = YES;
				IPHONEOS_DEPLOYMENT_TARGET = 26.0;
				PRODUCT_BUNDLE_IDENTIFIER = com.swaymun.wonder.testing.WonderUITests;
				SDKROOT = iphoneos;
				SWIFT_ACTIVE_COMPILATION_CONDITIONS = WONDER_TESTING;
				SWIFT_VERSION = 6.0;
				TARGETED_DEVICE_FAMILY = "1,2";
				TEST_TARGET_NAME = Wonder;
				VALIDATE_PRODUCT = YES;
			};
			name = TestingDiagnostics;
		};
		A42182C7DE131628ED795295 /* Testing */ = {
			isa = XCBuildConfiguration;
			buildSettings = {
				APPLICATION_EXTENSION_API_ONLY = YES;
				CLANG_ENABLE_OBJC_WEAK = NO;
				CODE_SIGN_ENTITLEMENTS = WonderNotificationService/WonderNotificationService.entitlements;
				CODE_SIGN_STYLE = "$(WONDER_APP_SIGNING_STYLE)";
				CURRENT_PROJECT_VERSION = 1;
				DEBUG_INFORMATION_FORMAT = "dwarf-with-dsym";
				DEVELOPMENT_TEAM = 8KKNVD7758;
				GENERATE_INFOPLIST_FILE = YES;
				INFOPLIST_FILE = WonderNotificationService/Info.plist;
				IPHONEOS_DEPLOYMENT_TARGET = 26.0;
				LD_RUNPATH_SEARCH_PATHS = (
					"$(inherited)",
					"@executable_path/Frameworks",
					"@executable_path/../../Frameworks",
				);
				MARKETING_VERSION = 1.0;
				PRODUCT_BUNDLE_IDENTIFIER = "$(WONDER_APP_BUNDLE_IDENTIFIER).NotificationService";
				PRODUCT_NAME = "$(TARGET_NAME)";
				PROVISIONING_PROFILE_SPECIFIER = "$(WONDER_PUSH_PROFILE)";
				SDKROOT = iphoneos;
				SKIP_INSTALL = YES;
				SWIFT_OPTIMIZATION_LEVEL = "-O";
				SWIFT_VERSION = 6.0;
				TARGETED_DEVICE_FAMILY = "1,2";
				VALIDATE_PRODUCT = YES;
				WONDER_APP_BUNDLE_IDENTIFIER = com.swaymun.wonder.testing;
				WONDER_APP_DISPLAY_NAME = "Wonder Testing";
				WONDER_DISTRIBUTION_CHANNEL = testing;
			};
			name = Testing;
		};
		B0D087A79680F16BFD097578 /* TestingDiagnostics */ = {
			isa = XCBuildConfiguration;
			buildSettings = {
				ALWAYS_SEARCH_USER_PATHS = NO;
				CLANG_ANALYZER_NONNULL = YES;
				CLANG_ANALYZER_NUMBER_OBJECT_CONVERSION = YES_AGGRESSIVE;
				CLANG_CXX_LANGUAGE_STANDARD = "gnu++14";
				CLANG_CXX_LIBRARY = "libc++";
				CLANG_ENABLE_MODULES = YES;
				CLANG_ENABLE_OBJC_ARC = YES;
				CLANG_ENABLE_OBJC_WEAK = YES;
				CLANG_WARN_BLOCK_CAPTURE_AUTORELEASING = YES;
				CLANG_WARN_BOOL_CONVERSION = YES;
				CLANG_WARN_COMMA = YES;
				CLANG_WARN_CONSTANT_CONVERSION = YES;
				CLANG_WARN_DEPRECATED_OBJC_IMPLEMENTATIONS = YES;
				CLANG_WARN_DIRECT_OBJC_ISA_USAGE = YES_ERROR;
				CLANG_WARN_DOCUMENTATION_COMMENTS = YES;
				CLANG_WARN_EMPTY_BODY = YES;
				CLANG_WARN_ENUM_CONVERSION = YES;
				CLANG_WARN_INFINITE_RECURSION = YES;
				CLANG_WARN_INT_CONVERSION = YES;
				CLANG_WARN_NON_LITERAL_NULL_CONVERSION = YES;
				CLANG_WARN_OBJC_IMPLICIT_RETAIN_SELF = YES;
				CLANG_WARN_OBJC_LITERAL_CONVERSION = YES;
				CLANG_WARN_OBJC_ROOT_CLASS = YES_ERROR;
				CLANG_WARN_QUOTED_INCLUDE_IN_FRAMEWORK_HEADER = YES;
				CLANG_WARN_RANGE_LOOP_ANALYSIS = YES;
				CLANG_WARN_STRICT_PROTOTYPES = YES;
				CLANG_WARN_SUSPICIOUS_MOVE = YES;
				CLANG_WARN_UNGUARDED_AVAILABILITY = YES_AGGRESSIVE;
				CLANG_WARN_UNREACHABLE_CODE = YES;
				CLANG_WARN__DUPLICATE_METHOD_MATCH = YES;
				COPY_PHASE_STRIP = NO;
				DEBUG_INFORMATION_FORMAT = "dwarf-with-dsym";
				ENABLE_NS_ASSERTIONS = NO;
				ENABLE_STRICT_OBJC_MSGSEND = YES;
				GCC_C_LANGUAGE_STANDARD = gnu11;
				GCC_NO_COMMON_BLOCKS = YES;
				GCC_WARN_64_TO_32_BIT_CONVERSION = YES;
				GCC_WARN_ABOUT_RETURN_TYPE = YES_ERROR;
				GCC_WARN_UNDECLARED_SELECTOR = YES;
				GCC_WARN_UNINITIALIZED_AUTOS = YES_AGGRESSIVE;
				GCC_WARN_UNUSED_FUNCTION = YES;
				GCC_WARN_UNUSED_VARIABLE = YES;
				MTL_ENABLE_DEBUG_INFO = NO;
				MTL_FAST_MATH = YES;
				PRODUCT_NAME = "$(TARGET_NAME)";
				SWIFT_COMPILATION_MODE = wholemodule;
				SWIFT_OPTIMIZATION_LEVEL = "-O";
				SWIFT_VERSION = 5.0;
				WONDER_APP_SIGNING_STYLE = Automatic;
			};
			name = TestingDiagnostics;
		};
		B128A206404D6BF23168F2A5 /* Testing */ = {
			isa = XCBuildConfiguration;
			buildSettings = {
				BUNDLE_LOADER = "$(TEST_HOST)";
				CLANG_ENABLE_OBJC_WEAK = NO;
				CODE_SIGN_STYLE = Automatic;
				DEVELOPMENT_TEAM = 8KKNVD7758;
				GENERATE_INFOPLIST_FILE = YES;
				IPHONEOS_DEPLOYMENT_TARGET = 26.0;
				PRODUCT_BUNDLE_IDENTIFIER = com.swaymun.wonder.testing.WonderDiagnosticsTests;
				SDKROOT = iphoneos;
				SWIFT_ACTIVE_COMPILATION_CONDITIONS = WONDER_TESTING;
				SWIFT_VERSION = 6.0;
				TARGETED_DEVICE_FAMILY = "1,2";
				TEST_HOST = "$(BUILT_PRODUCTS_DIR)/Wonder.app/$(BUNDLE_EXECUTABLE_FOLDER_PATH)/Wonder";
				VALIDATE_PRODUCT = YES;
			};
			name = Testing;
		};
		B2E07EB9BF34AEB4FC75B242 /* Testing */ = {
			isa = XCBuildConfiguration;
			buildSettings = {
				ASSETCATALOG_COMPILER_APPICON_NAME = AppIconTesting;
				CODE_SIGN_ENTITLEMENTS = Wonder/Wonder.entitlements;
				CODE_SIGN_STYLE = "$(WONDER_APP_SIGNING_STYLE)";
				CURRENT_PROJECT_VERSION = 1;
				DEBUG_INFORMATION_FORMAT = "dwarf-with-dsym";
				DEVELOPMENT_TEAM = 8KKNVD7758;
				GENERATE_INFOPLIST_FILE = YES;
				INFOPLIST_FILE = Wonder/BuildInfo.plist;
				INFOPLIST_KEY_CFBundleDisplayName = "$(WONDER_APP_DISPLAY_NAME)";
				INFOPLIST_KEY_ITSAppUsesNonExemptEncryption = NO;
				INFOPLIST_KEY_NSCameraUsageDescription = "Wonder uses the camera to take photos to attach to messages and scan a pairing code shown on your Mac.";
				INFOPLIST_KEY_NSLocalNetworkUsageDescription = "Wonder connects directly to your paired Mac on your local network to show its screen securely.";
				INFOPLIST_KEY_NSMicrophoneUsageDescription = "Record your voice to add words to your draft using on-device speech or your paired Mac.";
				INFOPLIST_KEY_UIApplicationSceneManifest_Generation = YES;
				INFOPLIST_KEY_UILaunchScreen_Generation = YES;
				INFOPLIST_KEY_UISupportedInterfaceOrientations_iPad = "UIInterfaceOrientationPortrait UIInterfaceOrientationPortraitUpsideDown UIInterfaceOrientationLandscapeLeft UIInterfaceOrientationLandscapeRight";
				INFOPLIST_KEY_UISupportedInterfaceOrientations_iPhone = "UIInterfaceOrientationPortrait UIInterfaceOrientationLandscapeLeft UIInterfaceOrientationLandscapeRight";
				IPHONEOS_DEPLOYMENT_TARGET = 26.0;
				LD_RUNPATH_SEARCH_PATHS = (
					"$(inherited)",
					"@executable_path/Frameworks",
				);
				MARKETING_VERSION = 1.0;
				PRODUCT_BUNDLE_IDENTIFIER = "$(WONDER_APP_BUNDLE_IDENTIFIER)";
				PRODUCT_NAME = Wonder;
				PROVISIONING_PROFILE_SPECIFIER = "$(WONDER_MAIN_PROFILE)";
				SDKROOT = iphoneos;
				SWIFT_OPTIMIZATION_LEVEL = "-O";
				SWIFT_VERSION = 6.0;
				TARGETED_DEVICE_FAMILY = "1,2";
				WONDER_APNS_ENVIRONMENT = production;
				WONDER_APP_BUNDLE_IDENTIFIER = com.swaymun.wonder.testing;
				WONDER_APP_DISPLAY_NAME = "Wonder Testing";
				WONDER_WIDGET_APP_GROUP = group.com.swaymun.wonder.testing;
				WONDER_BUILD_PROFILE = release;
				WONDER_DISTRIBUTION_CHANNEL = testing;
				WONDER_DEEP_LINK_SCHEME = "wonder-testing";
			};
			name = Testing;
		};
		DA4654B8EE4C43FAE19A1B00 /* Diagnostics */ = {
			isa = XCBuildConfiguration;
			buildSettings = {
				APPLICATION_EXTENSION_API_ONLY = YES;
				CLANG_ENABLE_OBJC_WEAK = NO;
				CODE_SIGN_ENTITLEMENTS = WonderNotificationService/WonderNotificationService.entitlements;
				CODE_SIGN_STYLE = Automatic;
				CURRENT_PROJECT_VERSION = 1;
				DEBUG_INFORMATION_FORMAT = "dwarf-with-dsym";
				DEVELOPMENT_TEAM = 8KKNVD7758;
				GENERATE_INFOPLIST_FILE = YES;
				INFOPLIST_FILE = WonderNotificationService/Info.plist;
				IPHONEOS_DEPLOYMENT_TARGET = 26.0;
				LD_RUNPATH_SEARCH_PATHS = (
					"$(inherited)",
					"@executable_path/Frameworks",
					"@executable_path/../../Frameworks",
				);
				MARKETING_VERSION = 1.0;
				PRODUCT_BUNDLE_IDENTIFIER = "$(WONDER_APP_BUNDLE_IDENTIFIER).NotificationService";
				PRODUCT_NAME = "$(TARGET_NAME)";
				PROVISIONING_PROFILE_SPECIFIER = "$(WONDER_PUSH_PROFILE)";
				SDKROOT = iphoneos;
				SKIP_INSTALL = YES;
				SWIFT_OPTIMIZATION_LEVEL = "-O";
				SWIFT_VERSION = 6.0;
				TARGETED_DEVICE_FAMILY = "1,2";
				VALIDATE_PRODUCT = YES;
				WONDER_APP_BUNDLE_IDENTIFIER = com.swaymun.wonder;
				WONDER_APP_DISPLAY_NAME = Wonder;
				WONDER_DISTRIBUTION_CHANNEL = production;
			};
			name = Diagnostics;
		};
		DE06F14176AFA0D7266BB24C /* Release */ = {
			isa = XCBuildConfiguration;
			buildSettings = {
				APPLICATION_EXTENSION_API_ONLY = YES;
				CLANG_ENABLE_OBJC_WEAK = NO;
				CODE_SIGN_ENTITLEMENTS = WonderNotificationService/WonderNotificationService.entitlements;
				CODE_SIGN_STYLE = Automatic;
				CURRENT_PROJECT_VERSION = 1;
				DEBUG_INFORMATION_FORMAT = "dwarf-with-dsym";
				DEVELOPMENT_TEAM = 8KKNVD7758;
				GENERATE_INFOPLIST_FILE = YES;
				INFOPLIST_FILE = WonderNotificationService/Info.plist;
				IPHONEOS_DEPLOYMENT_TARGET = 26.0;
				LD_RUNPATH_SEARCH_PATHS = (
					"$(inherited)",
					"@executable_path/Frameworks",
					"@executable_path/../../Frameworks",
				);
				MARKETING_VERSION = 1.0;
				PRODUCT_BUNDLE_IDENTIFIER = "$(WONDER_APP_BUNDLE_IDENTIFIER).NotificationService";
				PRODUCT_NAME = "$(TARGET_NAME)";
				PROVISIONING_PROFILE_SPECIFIER = "$(WONDER_PUSH_PROFILE)";
				SDKROOT = iphoneos;
				SKIP_INSTALL = YES;
				SWIFT_OPTIMIZATION_LEVEL = "-O";
				SWIFT_VERSION = 6.0;
				TARGETED_DEVICE_FAMILY = "1,2";
				VALIDATE_PRODUCT = YES;
				WONDER_APP_BUNDLE_IDENTIFIER = com.swaymun.wonder;
				WONDER_APP_DISPLAY_NAME = Wonder;
				WONDER_DISTRIBUTION_CHANNEL = production;
			};
			name = Release;
		};
		E941008B916BB2567A0F78BA /* TestingDiagnostics */ = {
			isa = XCBuildConfiguration;
			buildSettings = {
				BUNDLE_LOADER = "$(TEST_HOST)";
				CLANG_ENABLE_OBJC_WEAK = NO;
				CODE_SIGN_STYLE = Automatic;
				DEVELOPMENT_TEAM = 8KKNVD7758;
				GENERATE_INFOPLIST_FILE = YES;
				IPHONEOS_DEPLOYMENT_TARGET = 26.0;
				PRODUCT_BUNDLE_IDENTIFIER = com.swaymun.wonder.testing.WonderDiagnosticsTests;
				SDKROOT = iphoneos;
				SWIFT_ACTIVE_COMPILATION_CONDITIONS = WONDER_TESTING;
				SWIFT_VERSION = 6.0;
				TARGETED_DEVICE_FAMILY = "1,2";
				TEST_HOST = "$(BUILT_PRODUCTS_DIR)/Wonder.app/$(BUNDLE_EXECUTABLE_FOLDER_PATH)/Wonder";
				VALIDATE_PRODUCT = YES;
			};
			name = TestingDiagnostics;
		};
		F4F3D6499ABC6116C848888D /* Testing */ = {
			isa = XCBuildConfiguration;
			buildSettings = {
				CLANG_ENABLE_OBJC_WEAK = NO;
				CODE_SIGN_STYLE = Automatic;
				DEVELOPMENT_TEAM = 8KKNVD7758;
				GENERATE_INFOPLIST_FILE = YES;
				IPHONEOS_DEPLOYMENT_TARGET = 26.0;
				PRODUCT_BUNDLE_IDENTIFIER = com.swaymun.wonder.testing.WonderUITests;
				SDKROOT = iphoneos;
				SWIFT_ACTIVE_COMPILATION_CONDITIONS = WONDER_TESTING;
				SWIFT_VERSION = 6.0;
				TARGETED_DEVICE_FAMILY = "1,2";
				TEST_TARGET_NAME = Wonder;
				VALIDATE_PRODUCT = YES;
			};
			name = Testing;
		};
		FA4D405F4FB25B78AB869DBE /* TestingDiagnostics */ = {
			isa = XCBuildConfiguration;
			buildSettings = {
				APPLICATION_EXTENSION_API_ONLY = YES;
				CLANG_ENABLE_OBJC_WEAK = NO;
				CODE_SIGN_ENTITLEMENTS = WonderShare/WonderShare.entitlements;
				CODE_SIGN_STYLE = "$(WONDER_APP_SIGNING_STYLE)";
				CURRENT_PROJECT_VERSION = 1;
				DEBUG_INFORMATION_FORMAT = "dwarf-with-dsym";
				DEVELOPMENT_TEAM = 8KKNVD7758;
				GENERATE_INFOPLIST_FILE = YES;
				INFOPLIST_FILE = WonderShare/Info.plist;
				IPHONEOS_DEPLOYMENT_TARGET = 26.0;
				LD_RUNPATH_SEARCH_PATHS = (
					"$(inherited)",
					"@executable_path/Frameworks",
					"@executable_path/../../Frameworks",
				);
				MARKETING_VERSION = 1.0;
				PRODUCT_BUNDLE_IDENTIFIER = "$(WONDER_APP_BUNDLE_IDENTIFIER).Share";
				PRODUCT_NAME = "$(TARGET_NAME)";
				PROVISIONING_PROFILE_SPECIFIER = "$(WONDER_SHARE_PROFILE)";
				SDKROOT = iphoneos;
				SKIP_INSTALL = YES;
				SWIFT_OPTIMIZATION_LEVEL = "-O";
				SWIFT_VERSION = 6.0;
				TARGETED_DEVICE_FAMILY = "1,2";
				VALIDATE_PRODUCT = YES;
				WONDER_APP_BUNDLE_IDENTIFIER = com.swaymun.wonder.testing;
				WONDER_APP_DISPLAY_NAME = "Wonder Testing";
				WONDER_DISTRIBUTION_CHANNEL = testing;
			};
			name = TestingDiagnostics;
		};
		E10000000000000000000020 /* Debug */ = {
			isa = XCBuildConfiguration;
			buildSettings = {
				APPLICATION_EXTENSION_API_ONLY = YES;
				CODE_SIGN_ENTITLEMENTS = WonderWidget/WonderWidget.entitlements;
				CODE_SIGN_STYLE = Automatic;
				CURRENT_PROJECT_VERSION = 1;
				DEVELOPMENT_TEAM = 8KKNVD7758;
				GENERATE_INFOPLIST_FILE = YES;
				INFOPLIST_FILE = WonderWidget/Info.plist;
				IPHONEOS_DEPLOYMENT_TARGET = 26.0;
				LD_RUNPATH_SEARCH_PATHS = ("$(inherited)", "@executable_path/Frameworks", "@executable_path/../../Frameworks");
				MARKETING_VERSION = 0.1.0;
				PRODUCT_BUNDLE_IDENTIFIER = "$(WONDER_APP_BUNDLE_IDENTIFIER).Widget";
				PRODUCT_NAME = "$(TARGET_NAME)";
				PROVISIONING_PROFILE_SPECIFIER = "$(WONDER_WIDGET_PROFILE)";
				SDKROOT = iphoneos;
				SKIP_INSTALL = YES;
				SWIFT_OPTIMIZATION_LEVEL = "-Onone";
				SWIFT_VERSION = 6.0;
				TARGETED_DEVICE_FAMILY = "1,2";
				WONDER_APP_BUNDLE_IDENTIFIER = com.saimun.wonder.native;
				WONDER_APP_DISPLAY_NAME = Wonder;
				WONDER_WIDGET_APP_GROUP = group.com.saimun.wonder.native;
			};
			name = Debug;
		};
		E10000000000000000000021 /* Release */ = {
			isa = XCBuildConfiguration;
			buildSettings = {
				APPLICATION_EXTENSION_API_ONLY = YES;
				CODE_SIGN_ENTITLEMENTS = WonderWidget/WonderWidget.entitlements;
				CODE_SIGN_STYLE = Automatic;
				CURRENT_PROJECT_VERSION = 1;
				DEVELOPMENT_TEAM = 8KKNVD7758;
				GENERATE_INFOPLIST_FILE = YES;
				INFOPLIST_FILE = WonderWidget/Info.plist;
				IPHONEOS_DEPLOYMENT_TARGET = 26.0;
				LD_RUNPATH_SEARCH_PATHS = ("$(inherited)", "@executable_path/Frameworks", "@executable_path/../../Frameworks");
				MARKETING_VERSION = 1.0;
				PRODUCT_BUNDLE_IDENTIFIER = "$(WONDER_APP_BUNDLE_IDENTIFIER).Widget";
				PRODUCT_NAME = "$(TARGET_NAME)";
				PROVISIONING_PROFILE_SPECIFIER = "$(WONDER_WIDGET_PROFILE)";
				SDKROOT = iphoneos;
				SKIP_INSTALL = YES;
				SWIFT_OPTIMIZATION_LEVEL = "-O";
				SWIFT_VERSION = 6.0;
				TARGETED_DEVICE_FAMILY = "1,2";
				VALIDATE_PRODUCT = YES;
				WONDER_APP_BUNDLE_IDENTIFIER = com.swaymun.wonder;
				WONDER_APP_DISPLAY_NAME = Wonder;
				WONDER_WIDGET_APP_GROUP = group.com.swaymun.wonder;
			};
			name = Release;
		};
		E10000000000000000000022 /* Diagnostics */ = {
			isa = XCBuildConfiguration;
			buildSettings = {
				APPLICATION_EXTENSION_API_ONLY = YES;
				CODE_SIGN_ENTITLEMENTS = WonderWidget/WonderWidget.entitlements;
				CODE_SIGN_STYLE = Automatic;
				CURRENT_PROJECT_VERSION = 1;
				DEVELOPMENT_TEAM = 8KKNVD7758;
				GENERATE_INFOPLIST_FILE = YES;
				INFOPLIST_FILE = WonderWidget/Info.plist;
				IPHONEOS_DEPLOYMENT_TARGET = 26.0;
				LD_RUNPATH_SEARCH_PATHS = ("$(inherited)", "@executable_path/Frameworks", "@executable_path/../../Frameworks");
				MARKETING_VERSION = 1.0;
				PRODUCT_BUNDLE_IDENTIFIER = "$(WONDER_APP_BUNDLE_IDENTIFIER).Widget";
				PRODUCT_NAME = "$(TARGET_NAME)";
				PROVISIONING_PROFILE_SPECIFIER = "$(WONDER_WIDGET_PROFILE)";
				SDKROOT = iphoneos;
				SKIP_INSTALL = YES;
				SWIFT_OPTIMIZATION_LEVEL = "-O";
				SWIFT_VERSION = 6.0;
				TARGETED_DEVICE_FAMILY = "1,2";
				VALIDATE_PRODUCT = YES;
				WONDER_APP_BUNDLE_IDENTIFIER = com.swaymun.wonder;
				WONDER_APP_DISPLAY_NAME = Wonder;
				WONDER_WIDGET_APP_GROUP = group.com.swaymun.wonder;
			};
			name = Diagnostics;
		};
		E10000000000000000000023 /* Testing */ = {
			isa = XCBuildConfiguration;
			buildSettings = {
				APPLICATION_EXTENSION_API_ONLY = YES;
				CODE_SIGN_ENTITLEMENTS = WonderWidget/WonderWidget.entitlements;
				CODE_SIGN_STYLE = "$(WONDER_APP_SIGNING_STYLE)";
				CURRENT_PROJECT_VERSION = 1;
				DEVELOPMENT_TEAM = 8KKNVD7758;
				GENERATE_INFOPLIST_FILE = YES;
				INFOPLIST_FILE = WonderWidget/Info.plist;
				IPHONEOS_DEPLOYMENT_TARGET = 26.0;
				LD_RUNPATH_SEARCH_PATHS = ("$(inherited)", "@executable_path/Frameworks", "@executable_path/../../Frameworks");
				MARKETING_VERSION = 1.0;
				PRODUCT_BUNDLE_IDENTIFIER = "$(WONDER_APP_BUNDLE_IDENTIFIER).Widget";
				PRODUCT_NAME = "$(TARGET_NAME)";
				PROVISIONING_PROFILE_SPECIFIER = "$(WONDER_WIDGET_PROFILE)";
				SDKROOT = iphoneos;
				SKIP_INSTALL = YES;
				SWIFT_OPTIMIZATION_LEVEL = "-O";
				SWIFT_VERSION = 6.0;
				TARGETED_DEVICE_FAMILY = "1,2";
				VALIDATE_PRODUCT = YES;
				WONDER_APP_BUNDLE_IDENTIFIER = com.swaymun.wonder.testing;
				WONDER_APP_DISPLAY_NAME = "Wonder Testing";
				WONDER_WIDGET_APP_GROUP = group.com.swaymun.wonder.testing;
			};
			name = Testing;
		};
		E10000000000000000000024 /* TestingDiagnostics */ = {
			isa = XCBuildConfiguration;
			buildSettings = {
				APPLICATION_EXTENSION_API_ONLY = YES;
				CODE_SIGN_ENTITLEMENTS = WonderWidget/WonderWidget.entitlements;
				CODE_SIGN_STYLE = "$(WONDER_APP_SIGNING_STYLE)";
				CURRENT_PROJECT_VERSION = 1;
				DEVELOPMENT_TEAM = 8KKNVD7758;
				GENERATE_INFOPLIST_FILE = YES;
				INFOPLIST_FILE = WonderWidget/Info.plist;
				IPHONEOS_DEPLOYMENT_TARGET = 26.0;
				LD_RUNPATH_SEARCH_PATHS = ("$(inherited)", "@executable_path/Frameworks", "@executable_path/../../Frameworks");
				MARKETING_VERSION = 1.0;
				PRODUCT_BUNDLE_IDENTIFIER = "$(WONDER_APP_BUNDLE_IDENTIFIER).Widget";
				PRODUCT_NAME = "$(TARGET_NAME)";
				PROVISIONING_PROFILE_SPECIFIER = "$(WONDER_WIDGET_PROFILE)";
				SDKROOT = iphoneos;
				SKIP_INSTALL = YES;
				SWIFT_OPTIMIZATION_LEVEL = "-O";
				SWIFT_VERSION = 6.0;
				TARGETED_DEVICE_FAMILY = "1,2";
				VALIDATE_PRODUCT = YES;
				WONDER_APP_BUNDLE_IDENTIFIER = com.swaymun.wonder.testing;
				WONDER_APP_DISPLAY_NAME = "Wonder Testing";
				WONDER_WIDGET_APP_GROUP = group.com.swaymun.wonder.testing;
			};
			name = TestingDiagnostics;
		};
/* End XCBuildConfiguration section */

/* Begin XCConfigurationList section */
		00000000000000000000002C /* Build configuration list for PBXNativeTarget "Wonder" */ = {
			isa = XCConfigurationList;
			buildConfigurations = (
				000000000000000000000028 /* Debug */,
				000000000000000000000029 /* Release */,
				9702982DC2AAD13322FBFA2F /* Diagnostics */,
				B2E07EB9BF34AEB4FC75B242 /* Testing */,
				362C87CB995979746EA0AEC5 /* TestingDiagnostics */,
			);
			defaultConfigurationIsVisible = 0;
			defaultConfigurationName = Release;
		};
		00000000000000000000002D /* Build configuration list for PBXProject "Wonder" */ = {
			isa = XCConfigurationList;
			buildConfigurations = (
				00000000000000000000002A /* Debug */,
				00000000000000000000002B /* Release */,
				9A4270F4D5CCB3A395EAEAFE /* Diagnostics */,
				5C9B31AC93FF74FE92B7E2A1 /* Testing */,
				B0D087A79680F16BFD097578 /* TestingDiagnostics */,
			);
			defaultConfigurationIsVisible = 0;
			defaultConfigurationName = Release;
		};
		4812DE3666E45A32136D9624 /* Build configuration list for PBXNativeTarget "WonderShare" */ = {
			isa = XCConfigurationList;
			buildConfigurations = (
				868359E420EC27D77554D072 /* Release */,
				52B55C8558EB26DD82690AE4 /* Debug */,
				6BB8DE8E1AB5C394581919A9 /* Diagnostics */,
				368EF6B050AFCC89A04E96FC /* Testing */,
				FA4D405F4FB25B78AB869DBE /* TestingDiagnostics */,
			);
			defaultConfigurationIsVisible = 0;
			defaultConfigurationName = Release;
		};
		A4D78CE01E2BA70C0F23549E /* Build configuration list for PBXNativeTarget "WonderDiagnosticsTests" */ = {
			isa = XCConfigurationList;
			buildConfigurations = (
				49E65EE47265D4ECFD7D2F36 /* Release */,
				15EC1B06625128E5C6819197 /* Debug */,
				6F2D7801E53DA5718136AAC9 /* Diagnostics */,
				B128A206404D6BF23168F2A5 /* Testing */,
				E941008B916BB2567A0F78BA /* TestingDiagnostics */,
			);
			defaultConfigurationIsVisible = 0;
			defaultConfigurationName = Release;
		};
		B3B9FC9B7BB0054D6004EAB1 /* Build configuration list for PBXNativeTarget "WonderNotificationService" */ = {
			isa = XCConfigurationList;
			buildConfigurations = (
				DE06F14176AFA0D7266BB24C /* Release */,
				4E0C2F5943567B990F23037F /* Debug */,
				DA4654B8EE4C43FAE19A1B00 /* Diagnostics */,
				A42182C7DE131628ED795295 /* Testing */,
				551E05B87ECAC86EE1878B38 /* TestingDiagnostics */,
			);
			defaultConfigurationIsVisible = 0;
			defaultConfigurationName = Release;
		};
		F8458E6CB6794FF6BDD66C96 /* Build configuration list for PBXNativeTarget "WonderUITests" */ = {
			isa = XCConfigurationList;
			buildConfigurations = (
				83527B3593BC8E6DC873F62F /* Release */,
				6F0A655F076446D5B602A837 /* Debug */,
				302FE45BC1FE03BC5CBB8806 /* Diagnostics */,
				F4F3D6499ABC6116C848888D /* Testing */,
				9F0D4A580E21540E388B5C2C /* TestingDiagnostics */,
			);
			defaultConfigurationIsVisible = 0;
			defaultConfigurationName = Release;
		};
		E10000000000000000000018 /* Build configuration list for PBXNativeTarget "WonderWidget" */ = {
			isa = XCConfigurationList;
			buildConfigurations = (
				E10000000000000000000020 /* Debug */,
				E10000000000000000000021 /* Release */,
				E10000000000000000000022 /* Diagnostics */,
				E10000000000000000000023 /* Testing */,
				E10000000000000000000024 /* TestingDiagnostics */,
			);
			defaultConfigurationIsVisible = 0;
			defaultConfigurationName = Release;
		};
/* End XCConfigurationList section */

/* Begin XCLocalSwiftPackageReference section */
		000000000000000000000021 /* XCLocalSwiftPackageReference "native" */ = {
			isa = XCLocalSwiftPackageReference;
			relativePath = ../native;
		};
/* End XCLocalSwiftPackageReference section */

/* Begin XCRemoteSwiftPackageReference section */
		F30000000000000000000031 /* XCRemoteSwiftPackageReference "swift-toolkit" */ = {
			isa = XCRemoteSwiftPackageReference;
			repositoryURL = "https://github.com/readium/swift-toolkit.git";
			requirement = {kind = exactVersion; version = 3.11.0; };
		};
		F30000000000000000000032 /* XCRemoteSwiftPackageReference "ZIPFoundation" */ = {
			isa = XCRemoteSwiftPackageReference;
			repositoryURL = "https://github.com/readium/ZIPFoundation.git";
			requirement = {kind = exactVersion; version = 3.0.1; };
		};
/* End XCRemoteSwiftPackageReference section */

/* Begin XCSwiftPackageProductDependency section */
		000000000000000000000022 /* WonderPairing */ = {
			isa = XCSwiftPackageProductDependency;
			package = 000000000000000000000021 /* XCLocalSwiftPackageReference "native" */;
			productName = WonderPairing;
		};
		000000000000000000000024 /* WonderComputerView */ = {
			isa = XCSwiftPackageProductDependency;
			package = 000000000000000000000021 /* XCLocalSwiftPackageReference "native" */;
			productName = WonderComputerView;
		};
		90E35E164141A24FE33D9F29 /* WonderPairing */ = {
			isa = XCSwiftPackageProductDependency;
			package = 000000000000000000000021 /* XCLocalSwiftPackageReference "native" */;
			productName = WonderPairing;
		};
		F30000000000000000000021 /* ReadiumShared */ = {isa = XCSwiftPackageProductDependency; package = F30000000000000000000031 /* XCRemoteSwiftPackageReference "swift-toolkit" */; productName = ReadiumShared; };
		F30000000000000000000022 /* ReadiumStreamer */ = {isa = XCSwiftPackageProductDependency; package = F30000000000000000000031 /* XCRemoteSwiftPackageReference "swift-toolkit" */; productName = ReadiumStreamer; };
		F30000000000000000000023 /* ReadiumNavigator */ = {isa = XCSwiftPackageProductDependency; package = F30000000000000000000031 /* XCRemoteSwiftPackageReference "swift-toolkit" */; productName = ReadiumNavigator; };
		F30000000000000000000024 /* ReadiumZIPFoundation */ = {isa = XCSwiftPackageProductDependency; package = F30000000000000000000032 /* XCRemoteSwiftPackageReference "ZIPFoundation" */; productName = ReadiumZIPFoundation; };
/* End XCSwiftPackageProductDependency section */
	};
	rootObject = 000000000000000000000001 /* Project object */;
}
